// !$*UTF8*$!
{
	archiveVersion = 1;
	classes = {
	};
	objectVersion = 48;
	objects = {

/* Begin PBXBuildFile section */
		4DF79B3A696C880453D2CE30 /* libPods-ECardBusiness.a in Frameworks */ = {isa = PBXBuildFile; fileRef = EE1C3295BC40484989A5B249 /* libPods-ECardBusiness.a */; };
		8E3531D7201C3B4B005622C2 /* ECHomeViewController.m in Sources */ = {isa = PBXBuildFile; fileRef = 8E3531D6201C3B4B005622C2 /* ECHomeViewController.m */; };
		8E3531E0201C4DE7005622C2 /* ECSettingViewController.m in Sources */ = {isa = PBXBuildFile; fileRef = 8E3531DF201C4DE7005622C2 /* ECSettingViewController.m */; };
		8E3531E3201C4E2A005622C2 /* ECMessageViewController.m in Sources */ = {isa = PBXBuildFile; fileRef = 8E3531E2201C4E2A005622C2 /* ECMessageViewController.m */; };
		8E3531F8201C5FFB005622C2 /* YSMineCellItemLabel.m in Sources */ = {isa = PBXBuildFile; fileRef = 8E3531E6201C5FFB005622C2 /* YSMineCellItemLabel.m */; };
		8E3531F9201C5FFB005622C2 /* YSMineCellItem.m in Sources */ = {isa = PBXBuildFile; fileRef = 8E3531E8201C5FFB005622C2 /* YSMineCellItem.m */; };
		8E3531FA201C5FFB005622C2 /* YSMineCell.m in Sources */ = {isa = PBXBuildFile; fileRef = 8E3531E9201C5FFB005622C2 /* YSMineCell.m */; };
		8E3531FB201C5FFB005622C2 /* YSMineCellItemSwitch.m in Sources */ = {isa = PBXBuildFile; fileRef = 8E3531EA201C5FFB005622C2 /* YSMineCellItemSwitch.m */; };
		8E3531FC201C5FFB005622C2 /* YSBadgeView.m in Sources */ = {isa = PBXBuildFile; fileRef = 8E3531EB201C5FFB005622C2 /* YSBadgeView.m */; };
		8E3531FD201C5FFB005622C2 /* YSMineCellGroup.m in Sources */ = {isa = PBXBuildFile; fileRef = 8E3531EE201C5FFB005622C2 /* YSMineCellGroup.m */; };
		8E3531FE201C5FFB005622C2 /* YSMineCellDataSource.m in Sources */ = {isa = PBXBuildFile; fileRef = 8E3531F3201C5FFB005622C2 /* YSMineCellDataSource.m */; };
		8E3531FF201C5FFB005622C2 /* YSMineViewController.m in Sources */ = {isa = PBXBuildFile; fileRef = 8E3531F5201C5FFB005622C2 /* YSMineViewController.m */; };
		8E353200201C5FFB005622C2 /* YSMineCellItemArrow.m in Sources */ = {isa = PBXBuildFile; fileRef = 8E3531F6201C5FFB005622C2 /* YSMineCellItemArrow.m */; };
		8E353203201C8CC2005622C2 /* ECBankCardViewController.m in Sources */ = {isa = PBXBuildFile; fileRef = 8E353202201C8CC2005622C2 /* ECBankCardViewController.m */; };
		8E353206201C9119005622C2 /* ECMyInfoViewController.m in Sources */ = {isa = PBXBuildFile; fileRef = 8E353205201C9119005622C2 /* ECMyInfoViewController.m */; };
		8E35320C201CC8E3005622C2 /* ECAddressViewController.m in Sources */ = {isa = PBXBuildFile; fileRef = 8E35320B201CC8E3005622C2 /* ECAddressViewController.m */; };
		8E35320F201CCB4B005622C2 /* ECAddressListCell.m in Sources */ = {isa = PBXBuildFile; fileRef = 8E35320E201CCB4B005622C2 /* ECAddressListCell.m */; };
		8E353212201CCCE7005622C2 /* ECAddressReqModel.m in Sources */ = {isa = PBXBuildFile; fileRef = 8E353211201CCCE7005622C2 /* ECAddressReqModel.m */; };
		8E43347F20232976005FFDE4 /* ECService.m in Sources */ = {isa = PBXBuildFile; fileRef = 8E43347E20232976005FFDE4 /* ECService.m */; };
		8E5C4BBB2020C69E003EB5ED /* ECCashDeskViewController.m in Sources */ = {isa = PBXBuildFile; fileRef = 8E5C4BBA2020C69E003EB5ED /* ECCashDeskViewController.m */; };
		8E7D95D6202890A80067A3FC /* MBProgressHUD+EC.m in Sources */ = {isa = PBXBuildFile; fileRef = 8E7D95D3202890A80067A3FC /* MBProgressHUD+EC.m */; };
		8E7D95D7202890A80067A3FC /* MBProgressHUD.bundle in Resources */ = {isa = PBXBuildFile; fileRef = 8E7D95D4202890A80067A3FC /* MBProgressHUD.bundle */; };
		8E7D95DB2028924D0067A3FC /* ECUserInfoModel.m in Sources */ = {isa = PBXBuildFile; fileRef = 8E7D95DA2028924D0067A3FC /* ECUserInfoModel.m */; };
		8EA160732025AB38007FE0D1 /* ECUploadTool.m in Sources */ = {isa = PBXBuildFile; fileRef = 8EA160722025AB38007FE0D1 /* ECUploadTool.m */; };
		8EA9BC1D202ADE1900B4801D /* ECPhoneAddViewController.m in Sources */ = {isa = PBXBuildFile; fileRef = 8EA9BC1C202ADE1900B4801D /* ECPhoneAddViewController.m */; };
		8EA9BC2F202B5DAD00B4801D /* ECOpeningTimeViewController.m in Sources */ = {isa = PBXBuildFile; fileRef = 8EA9BC2E202B5DAD00B4801D /* ECOpeningTimeViewController.m */; };
		8EA9BC32202B5DD700B4801D /* ECOpeningTimeEditViewController.m in Sources */ = {isa = PBXBuildFile; fileRef = 8EA9BC31202B5DD700B4801D /* ECOpeningTimeEditViewController.m */; };
		8EA9BC35202B62AE00B4801D /* ECAddressOpeningTimeViewCell.m in Sources */ = {isa = PBXBuildFile; fileRef = 8EA9BC34202B62AE00B4801D /* ECAddressOpeningTimeViewCell.m */; };
		8EA9BC38202BDBF300B4801D /* ECOpeningModel.m in Sources */ = {isa = PBXBuildFile; fileRef = 8EA9BC37202BDBF300B4801D /* ECOpeningModel.m */; };
		8EA9BC3B202BDDB700B4801D /* ECOpeningOptionModel.m in Sources */ = {isa = PBXBuildFile; fileRef = 8EA9BC3A202BDDB700B4801D /* ECOpeningOptionModel.m */; };
		8EA9BC3E202BDF7E00B4801D /* ECOpeningTimeList.m in Sources */ = {isa = PBXBuildFile; fileRef = 8EA9BC3D202BDF7E00B4801D /* ECOpeningTimeList.m */; };
		8EA9BC41202BDF9700B4801D /* ECOpeningTimeItemModel.m in Sources */ = {isa = PBXBuildFile; fileRef = 8EA9BC40202BDF9700B4801D /* ECOpeningTimeItemModel.m */; };
		8EAE8171202DFF6C00D06854 /* ECBalanceDetailViewController.m in Sources */ = {isa = PBXBuildFile; fileRef = 8EAE8170202DFF6C00D06854 /* ECBalanceDetailViewController.m */; };
		8EAE8174202E8A7400D06854 /* ECOpenTimeUpdateModel.m in Sources */ = {isa = PBXBuildFile; fileRef = 8EAE8173202E8A7400D06854 /* ECOpenTimeUpdateModel.m */; };
		8EAE8177202ECF7100D06854 /* ECOpenTimeItemView.m in Sources */ = {isa = PBXBuildFile; fileRef = 8EAE8176202ECF7100D06854 /* ECOpenTimeItemView.m */; };
		8EB0C6FF203300100035F8EF /* ECWithdrawViewController.m in Sources */ = {isa = PBXBuildFile; fileRef = 8EB0C6FE203300100035F8EF /* ECWithdrawViewController.m */; };
		8EB0C702203325B20035F8EF /* ECWithdrawCardCell.m in Sources */ = {isa = PBXBuildFile; fileRef = 8EB0C701203325B20035F8EF /* ECWithdrawCardCell.m */; };
		8EB0C708203402740035F8EF /* ECUserAccountModel.m in Sources */ = {isa = PBXBuildFile; fileRef = 8EB0C707203402740035F8EF /* ECUserAccountModel.m */; };
		8EB0C70E203403550035F8EF /* ECCashModel.m in Sources */ = {isa = PBXBuildFile; fileRef = 8EB0C70D203403550035F8EF /* ECCashModel.m */; };
		8EB0C712203423380035F8EF /* ECHomeService.m in Sources */ = {isa = PBXBuildFile; fileRef = 8EB0C711203423380035F8EF /* ECHomeService.m */; };
		8EB0C715203425BF0035F8EF /* ECBalancePageModel.m in Sources */ = {isa = PBXBuildFile; fileRef = 8EB0C714203425BF0035F8EF /* ECBalancePageModel.m */; };
		8EB0C71F203439140035F8EF /* ECBalanceListViewController.m in Sources */ = {isa = PBXBuildFile; fileRef = 8EB0C71E203439140035F8EF /* ECBalanceListViewController.m */; };
		8EB0C72D203445730035F8EF /* LSPTitleStyle.m in Sources */ = {isa = PBXBuildFile; fileRef = 8EB0C725203445730035F8EF /* LSPTitleStyle.m */; };
		8EB0C72E203445730035F8EF /* LSPPageView.m in Sources */ = {isa = PBXBuildFile; fileRef = 8EB0C726203445730035F8EF /* LSPPageView.m */; };
		8EB0C72F203445730035F8EF /* LSPContentView.m in Sources */ = {isa = PBXBuildFile; fileRef = 8EB0C727203445730035F8EF /* LSPContentView.m */; };
		8EB0C730203445730035F8EF /* LSPTitleView.m in Sources */ = {isa = PBXBuildFile; fileRef = 8EB0C728203445730035F8EF /* LSPTitleView.m */; };
		8EB0C73320345C690035F8EF /* ECGeocoderTool.m in Sources */ = {isa = PBXBuildFile; fileRef = 8EB0C73220345C690035F8EF /* ECGeocoderTool.m */; };
		8ECC929C20303DD4004F7AFC /* YSCryptor.m in Sources */ = {isa = PBXBuildFile; fileRef = 8ECC929B20303DD3004F7AFC /* YSCryptor.m */; };
		8ECC92A520305058004F7AFC /* ECBalanceCell.m in Sources */ = {isa = PBXBuildFile; fileRef = 8ECC92A420305058004F7AFC /* ECBalanceCell.m */; };
		8ECC92A820305EFA004F7AFC /* ECBalanceBillModel.m in Sources */ = {isa = PBXBuildFile; fileRef = 8ECC92A720305EFA004F7AFC /* ECBalanceBillModel.m */; };
		8EDE83D1201B8E4200E16817 /* UINavigationBar+Transparent.m in Sources */ = {isa = PBXBuildFile; fileRef = 8EDE83CF201B8E4200E16817 /* UINavigationBar+Transparent.m */; };
		8EDE83D4201B8E6800E16817 /* UIViewController+navigatinSetting.m in Sources */ = {isa = PBXBuildFile; fileRef = 8EDE83D3201B8E6800E16817 /* UIViewController+navigatinSetting.m */; };
		8EE6F98C20293807009F385A /* ECConfigModel.m in Sources */ = {isa = PBXBuildFile; fileRef = 8EE6F98B20293807009F385A /* ECConfigModel.m */; };
		8EE6F98F20293A95009F385A /* ECAddressEditViewController.m in Sources */ = {isa = PBXBuildFile; fileRef = 8EE6F98E20293A95009F385A /* ECAddressEditViewController.m */; };
		8EE6F99320293C3A009F385A /* ECSettingService.m in Sources */ = {isa = PBXBuildFile; fileRef = 8EE6F99220293C3A009F385A /* ECSettingService.m */; };
		8EE6F996202945ED009F385A /* ECBankCardAddViewController.m in Sources */ = {isa = PBXBuildFile; fileRef = 8EE6F995202945ED009F385A /* ECBankCardAddViewController.m */; };
		8EF404FA2029642000B6EDE2 /* ECBankCardModel.m in Sources */ = {isa = PBXBuildFile; fileRef = 8EF404F92029642000B6EDE2 /* ECBankCardModel.m */; };
		8EF404FD2029FD5300B6EDE2 /* ECAddressModel.m in Sources */ = {isa = PBXBuildFile; fileRef = 8EF404FC2029FD5300B6EDE2 /* ECAddressModel.m */; };
		8EF40500202A8C7F00B6EDE2 /* ECPhoneViewController.m in Sources */ = {isa = PBXBuildFile; fileRef = 8EF404FF202A8C7F00B6EDE2 /* ECPhoneViewController.m */; };
		8EF40503202A8D1600B6EDE2 /* ECAddressPhoneCell.m in Sources */ = {isa = PBXBuildFile; fileRef = 8EF40502202A8D1600B6EDE2 /* ECAddressPhoneCell.m */; };
		8EFA6AD5202206D1007454BF /* ECBalanceViewController.m in Sources */ = {isa = PBXBuildFile; fileRef = 8EFA6AD4202206D1007454BF /* ECBalanceViewController.m */; };
		8EFA6AE12022A641007454BF /* ECRegisterNextViewController.m in Sources */ = {isa = PBXBuildFile; fileRef = 8EFA6AD82022A641007454BF /* ECRegisterNextViewController.m */; };
		8EFA6AE22022A641007454BF /* ECBindCardViewController.m in Sources */ = {isa = PBXBuildFile; fileRef = 8EFA6AD92022A641007454BF /* ECBindCardViewController.m */; };
		8EFA6AE32022A641007454BF /* ECRegisterViewController.m in Sources */ = {isa = PBXBuildFile; fileRef = 8EFA6ADA2022A641007454BF /* ECRegisterViewController.m */; };
		8EFA6AE42022A641007454BF /* ECLoginViewController.m in Sources */ = {isa = PBXBuildFile; fileRef = 8EFA6ADB2022A641007454BF /* ECLoginViewController.m */; };
		8EFA6AE52022A641007454BF /* ECForgetPwdViewController.m in Sources */ = {isa = PBXBuildFile; fileRef = 8EFA6ADC2022A641007454BF /* ECForgetPwdViewController.m */; };
		8EFA9C0F202C969E006500D8 /* MJExtensionConfig.m in Sources */ = {isa = PBXBuildFile; fileRef = 8EFA9C0E202C969E006500D8 /* MJExtensionConfig.m */; };
		8EFA9C12202CB0F4006500D8 /* ECSafeViewController.m in Sources */ = {isa = PBXBuildFile; fileRef = 8EFA9C11202CB0F4006500D8 /* ECSafeViewController.m */; };
		8EFA9C15202CB110006500D8 /* ECTipsSettingViewController.m in Sources */ = {isa = PBXBuildFile; fileRef = 8EFA9C14202CB110006500D8 /* ECTipsSettingViewController.m */; };
		8EFA9C18202CB11E006500D8 /* ECHelpViewController.m in Sources */ = {isa = PBXBuildFile; fileRef = 8EFA9C17202CB11E006500D8 /* ECHelpViewController.m */; };
		8EFA9C1B202CB1D8006500D8 /* ECProtocolViewController.m in Sources */ = {isa = PBXBuildFile; fileRef = 8EFA9C1A202CB1D8006500D8 /* ECProtocolViewController.m */; };
		8EFA9C1E202CB8CB006500D8 /* ECSettingCellDataSource.m in Sources */ = {isa = PBXBuildFile; fileRef = 8EFA9C1D202CB8CB006500D8 /* ECSettingCellDataSource.m */; };
		F60BD634200C54E000050F3A /* AppDelegate.m in Sources */ = {isa = PBXBuildFile; fileRef = F60BD633200C54E000050F3A /* AppDelegate.m */; };
		F60BD63C200C54E000050F3A /* Assets.xcassets in Resources */ = {isa = PBXBuildFile; fileRef = F60BD63B200C54E000050F3A /* Assets.xcassets */; };
		F60BD642200C54E000050F3A /* main.m in Sources */ = {isa = PBXBuildFile; fileRef = F60BD641200C54E000050F3A /* main.m */; };
		F60BD667200C583100050F3A /* ECHome2ViewController.m in Sources */ = {isa = PBXBuildFile; fileRef = F60BD64E200C583100050F3A /* ECHome2ViewController.m */; };
		F60BD668200C583100050F3A /* NSString+ECUtil.m in Sources */ = {isa = PBXBuildFile; fileRef = F60BD654200C583100050F3A /* NSString+ECUtil.m */; };
		F60BD669200C583100050F3A /* UIBarButtonItem+Extension.m in Sources */ = {isa = PBXBuildFile; fileRef = F60BD656200C583100050F3A /* UIBarButtonItem+Extension.m */; };
		F60BD66A200C583100050F3A /* UILabel+ECUtil.m in Sources */ = {isa = PBXBuildFile; fileRef = F60BD658200C583100050F3A /* UILabel+ECUtil.m */; };
		F60BD66B200C583100050F3A /* UIView+Utils.m in Sources */ = {isa = PBXBuildFile; fileRef = F60BD65A200C583100050F3A /* UIView+Utils.m */; };
		F610A84220161B190017A77C /* ECRegisterTool.m in Sources */ = {isa = PBXBuildFile; fileRef = F610A84120161B190017A77C /* ECRegisterTool.m */; };
		F62F3B8A200FAF4600729FAF /* ECRegisterModel.m in Sources */ = {isa = PBXBuildFile; fileRef = F62F3B88200FAF4600729FAF /* ECRegisterModel.m */; };
		F62F3B8D200FB22400729FAF /* YSTextField.m in Sources */ = {isa = PBXBuildFile; fileRef = F62F3B8C200FB22400729FAF /* YSTextField.m */; };
		F648764B2012EDB700BD653C /* ECWebViewController.m in Sources */ = {isa = PBXBuildFile; fileRef = F648764A2012EDB700BD653C /* ECWebViewController.m */; };
		F64876502012F2D300BD653C /* ECLoginService.m in Sources */ = {isa = PBXBuildFile; fileRef = F648764F2012F2D300BD653C /* ECLoginService.m */; };
		F679256720104C0B006512E5 /* ECFooterButtonView.m in Sources */ = {isa = PBXBuildFile; fileRef = F679256620104C0B006512E5 /* ECFooterButtonView.m */; };
		F68345732011814900816A7A /* ECNavigationController.m in Sources */ = {isa = PBXBuildFile; fileRef = F68345722011814900816A7A /* ECNavigationController.m */; };
		F683457620123ED400816A7A /* BRTextField.m in Sources */ = {isa = PBXBuildFile; fileRef = F683457420123ED400816A7A /* BRTextField.m */; };
		F683457920124BCF00816A7A /* ECOpeningTimeView.m in Sources */ = {isa = PBXBuildFile; fileRef = F683457820124BCF00816A7A /* ECOpeningTimeView.m */; };
		F6A588A8201301B600BE7EA8 /* ECHttpRequest.m in Sources */ = {isa = PBXBuildFile; fileRef = F6A588A7201301B600BE7EA8 /* ECHttpRequest.m */; };
		F6A588AC201307A300BE7EA8 /* ECAccountTool.m in Sources */ = {isa = PBXBuildFile; fileRef = F6A588AB201307A300BE7EA8 /* ECAccountTool.m */; };
		F6A588B420134D9500BE7EA8 /* ECAccountModel.m in Sources */ = {isa = PBXBuildFile; fileRef = F6A588B320134D9500BE7EA8 /* ECAccountModel.m */; };
		F6A588C920142B5A00BE7EA8 /* BRAddressModel.m in Sources */ = {isa = PBXBuildFile; fileRef = F6A588BB20142B5A00BE7EA8 /* BRAddressModel.m */; };
		F6A588CA20142B5A00BE7EA8 /* BRAddressPickerView.m in Sources */ = {isa = PBXBuildFile; fileRef = F6A588BD20142B5A00BE7EA8 /* BRAddressPickerView.m */; };
		F6A588CB20142B5A00BE7EA8 /* BRCity.plist in Resources */ = {isa = PBXBuildFile; fileRef = F6A588BE20142B5A00BE7EA8 /* BRCity.plist */; };
		F6A588CC20142B5A00BE7EA8 /* BRBaseView.m in Sources */ = {isa = PBXBuildFile; fileRef = F6A588C120142B5A00BE7EA8 /* BRBaseView.m */; };
		F6A588CD20142B5A00BE7EA8 /* BRDatePickerView.m in Sources */ = {isa = PBXBuildFile; fileRef = F6A588C520142B5A00BE7EA8 /* BRDatePickerView.m */; };
		F6A588CE20142B5A00BE7EA8 /* BRStringPickerView.m in Sources */ = {isa = PBXBuildFile; fileRef = F6A588C820142B5A00BE7EA8 /* BRStringPickerView.m */; };
		F6A588D1201450A500BE7EA8 /* ECOfficeHoursModel.m in Sources */ = {isa = PBXBuildFile; fileRef = F6A588D0201450A500BE7EA8 /* ECOfficeHoursModel.m */; };
		F6A588D32014C0F500BE7EA8 /* Foundation+Log.m in Sources */ = {isa = PBXBuildFile; fileRef = F6A588D22014C0F500BE7EA8 /* Foundation+Log.m */; };
/* End PBXBuildFile section */

/* Begin PBXFileReference section */
		590616038950CC8A9B9AEF50 /* Pods-ECardBusiness.debug.xcconfig */ = {isa = PBXFileReference; includeInIndex = 1; lastKnownFileType = text.xcconfig; name = "Pods-ECardBusiness.debug.xcconfig"; path = "Pods/Target Support Files/Pods-ECardBusiness/Pods-ECardBusiness.debug.xcconfig"; sourceTree = "<group>"; };
		8E3531D5201C3B4B005622C2 /* ECHomeViewController.h */ = {isa = PBXFileReference; lastKnownFileType = sourcecode.c.h; path = ECHomeViewController.h; sourceTree = "<group>"; };
		8E3531D6201C3B4B005622C2 /* ECHomeViewController.m */ = {isa = PBXFileReference; lastKnownFileType = sourcecode.c.objc; path = ECHomeViewController.m; sourceTree = "<group>"; };
		8E3531DE201C4DE7005622C2 /* ECSettingViewController.h */ = {isa = PBXFileReference; lastKnownFileType = sourcecode.c.h; path = ECSettingViewController.h; sourceTree = "<group>"; };
		8E3531DF201C4DE7005622C2 /* ECSettingViewController.m */ = {isa = PBXFileReference; lastKnownFileType = sourcecode.c.objc; path = ECSettingViewController.m; sourceTree = "<group>"; };
		8E3531E1201C4E2A005622C2 /* ECMessageViewController.h */ = {isa = PBXFileReference; lastKnownFileType = sourcecode.c.h; path = ECMessageViewController.h; sourceTree = "<group>"; };
		8E3531E2201C4E2A005622C2 /* ECMessageViewController.m */ = {isa = PBXFileReference; lastKnownFileType = sourcecode.c.objc; path = ECMessageViewController.m; sourceTree = "<group>"; };
		8E3531E5201C5FFB005622C2 /* YSMine.h */ = {isa = PBXFileReference; fileEncoding = 4; lastKnownFileType = sourcecode.c.h; path = YSMine.h; sourceTree = "<group>"; };
		8E3531E6201C5FFB005622C2 /* YSMineCellItemLabel.m */ = {isa = PBXFileReference; fileEncoding = 4; lastKnownFileType = sourcecode.c.objc; path = YSMineCellItemLabel.m; sourceTree = "<group>"; };
		8E3531E7201C5FFB005622C2 /* YSMineCellDataSource.h */ = {isa = PBXFileReference; fileEncoding = 4; lastKnownFileType = sourcecode.c.h; path = YSMineCellDataSource.h; sourceTree = "<group>"; };
		8E3531E8201C5FFB005622C2 /* YSMineCellItem.m */ = {isa = PBXFileReference; fileEncoding = 4; lastKnownFileType = sourcecode.c.objc; path = YSMineCellItem.m; sourceTree = "<group>"; };
		8E3531E9201C5FFB005622C2 /* YSMineCell.m */ = {isa = PBXFileReference; fileEncoding = 4; lastKnownFileType = sourcecode.c.objc; path = YSMineCell.m; sourceTree = "<group>"; };
		8E3531EA201C5FFB005622C2 /* YSMineCellItemSwitch.m */ = {isa = PBXFileReference; fileEncoding = 4; lastKnownFileType = sourcecode.c.objc; path = YSMineCellItemSwitch.m; sourceTree = "<group>"; };
		8E3531EB201C5FFB005622C2 /* YSBadgeView.m */ = {isa = PBXFileReference; fileEncoding = 4; lastKnownFileType = sourcecode.c.objc; path = YSBadgeView.m; sourceTree = "<group>"; };
		8E3531EC201C5FFB005622C2 /* YSMineCellItemArrow.h */ = {isa = PBXFileReference; fileEncoding = 4; lastKnownFileType = sourcecode.c.h; path = YSMineCellItemArrow.h; sourceTree = "<group>"; };
		8E3531ED201C5FFB005622C2 /* YSMineViewController.h */ = {isa = PBXFileReference; fileEncoding = 4; lastKnownFileType = sourcecode.c.h; path = YSMineViewController.h; sourceTree = "<group>"; };
		8E3531EE201C5FFB005622C2 /* YSMineCellGroup.m */ = {isa = PBXFileReference; fileEncoding = 4; lastKnownFileType = sourcecode.c.objc; path = YSMineCellGroup.m; sourceTree = "<group>"; };
		8E3531EF201C5FFB005622C2 /* YSBadgeView.h */ = {isa = PBXFileReference; fileEncoding = 4; lastKnownFileType = sourcecode.c.h; path = YSBadgeView.h; sourceTree = "<group>"; };
		8E3531F0201C5FFB005622C2 /* YSMineCellItemSwitch.h */ = {isa = PBXFileReference; fileEncoding = 4; lastKnownFileType = sourcecode.c.h; path = YSMineCellItemSwitch.h; sourceTree = "<group>"; };
		8E3531F1201C5FFB005622C2 /* YSMineCell.h */ = {isa = PBXFileReference; fileEncoding = 4; lastKnownFileType = sourcecode.c.h; path = YSMineCell.h; sourceTree = "<group>"; };
		8E3531F2201C5FFB005622C2 /* YSMineCellItem.h */ = {isa = PBXFileReference; fileEncoding = 4; lastKnownFileType = sourcecode.c.h; path = YSMineCellItem.h; sourceTree = "<group>"; };
		8E3531F3201C5FFB005622C2 /* YSMineCellDataSource.m */ = {isa = PBXFileReference; fileEncoding = 4; lastKnownFileType = sourcecode.c.objc; path = YSMineCellDataSource.m; sourceTree = "<group>"; };
		8E3531F4201C5FFB005622C2 /* YSMineCellItemLabel.h */ = {isa = PBXFileReference; fileEncoding = 4; lastKnownFileType = sourcecode.c.h; path = YSMineCellItemLabel.h; sourceTree = "<group>"; };
		8E3531F5201C5FFB005622C2 /* YSMineViewController.m */ = {isa = PBXFileReference; fileEncoding = 4; lastKnownFileType = sourcecode.c.objc; path = YSMineViewController.m; sourceTree = "<group>"; };
		8E3531F6201C5FFB005622C2 /* YSMineCellItemArrow.m */ = {isa = PBXFileReference; fileEncoding = 4; lastKnownFileType = sourcecode.c.objc; path = YSMineCellItemArrow.m; sourceTree = "<group>"; };
		8E3531F7201C5FFB005622C2 /* YSMineCellGroup.h */ = {isa = PBXFileReference; fileEncoding = 4; lastKnownFileType = sourcecode.c.h; path = YSMineCellGroup.h; sourceTree = "<group>"; };
		8E353201201C8CC2005622C2 /* ECBankCardViewController.h */ = {isa = PBXFileReference; lastKnownFileType = sourcecode.c.h; path = ECBankCardViewController.h; sourceTree = "<group>"; };
		8E353202201C8CC2005622C2 /* ECBankCardViewController.m */ = {isa = PBXFileReference; lastKnownFileType = sourcecode.c.objc; path = ECBankCardViewController.m; sourceTree = "<group>"; };
		8E353204201C9119005622C2 /* ECMyInfoViewController.h */ = {isa = PBXFileReference; lastKnownFileType = sourcecode.c.h; path = ECMyInfoViewController.h; sourceTree = "<group>"; };
		8E353205201C9119005622C2 /* ECMyInfoViewController.m */ = {isa = PBXFileReference; lastKnownFileType = sourcecode.c.objc; path = ECMyInfoViewController.m; sourceTree = "<group>"; };
		8E35320A201CC8E3005622C2 /* ECAddressViewController.h */ = {isa = PBXFileReference; lastKnownFileType = sourcecode.c.h; path = ECAddressViewController.h; sourceTree = "<group>"; };
		8E35320B201CC8E3005622C2 /* ECAddressViewController.m */ = {isa = PBXFileReference; lastKnownFileType = sourcecode.c.objc; path = ECAddressViewController.m; sourceTree = "<group>"; };
		8E35320D201CCB4B005622C2 /* ECAddressListCell.h */ = {isa = PBXFileReference; lastKnownFileType = sourcecode.c.h; path = ECAddressListCell.h; sourceTree = "<group>"; };
		8E35320E201CCB4B005622C2 /* ECAddressListCell.m */ = {isa = PBXFileReference; lastKnownFileType = sourcecode.c.objc; path = ECAddressListCell.m; sourceTree = "<group>"; };
		8E353210201CCCE7005622C2 /* ECAddressReqModel.h */ = {isa = PBXFileReference; lastKnownFileType = sourcecode.c.h; path = ECAddressReqModel.h; sourceTree = "<group>"; };
		8E353211201CCCE7005622C2 /* ECAddressReqModel.m */ = {isa = PBXFileReference; lastKnownFileType = sourcecode.c.objc; path = ECAddressReqModel.m; sourceTree = "<group>"; };
		8E43347D20232976005FFDE4 /* ECService.h */ = {isa = PBXFileReference; lastKnownFileType = sourcecode.c.h; path = ECService.h; sourceTree = "<group>"; };
		8E43347E20232976005FFDE4 /* ECService.m */ = {isa = PBXFileReference; lastKnownFileType = sourcecode.c.objc; path = ECService.m; sourceTree = "<group>"; };
		8E5C4BB92020C69E003EB5ED /* ECCashDeskViewController.h */ = {isa = PBXFileReference; lastKnownFileType = sourcecode.c.h; path = ECCashDeskViewController.h; sourceTree = "<group>"; };
		8E5C4BBA2020C69E003EB5ED /* ECCashDeskViewController.m */ = {isa = PBXFileReference; lastKnownFileType = sourcecode.c.objc; path = ECCashDeskViewController.m; sourceTree = "<group>"; };
		8E7D95D3202890A80067A3FC /* MBProgressHUD+EC.m */ = {isa = PBXFileReference; fileEncoding = 4; lastKnownFileType = sourcecode.c.objc; path = "MBProgressHUD+EC.m"; sourceTree = "<group>"; };
		8E7D95D4202890A80067A3FC /* MBProgressHUD.bundle */ = {isa = PBXFileReference; lastKnownFileType = "wrapper.plug-in"; path = MBProgressHUD.bundle; sourceTree = "<group>"; };
		8E7D95D5202890A80067A3FC /* MBProgressHUD+EC.h */ = {isa = PBXFileReference; fileEncoding = 4; lastKnownFileType = sourcecode.c.h; path = "MBProgressHUD+EC.h"; sourceTree = "<group>"; };
		8E7D95D8202890D00067A3FC /* ECApi.h */ = {isa = PBXFileReference; lastKnownFileType = sourcecode.c.h; path = ECApi.h; sourceTree = "<group>"; };
		8E7D95D92028924D0067A3FC /* ECUserInfoModel.h */ = {isa = PBXFileReference; lastKnownFileType = sourcecode.c.h; path = ECUserInfoModel.h; sourceTree = "<group>"; };
		8E7D95DA2028924D0067A3FC /* ECUserInfoModel.m */ = {isa = PBXFileReference; lastKnownFileType = sourcecode.c.objc; path = ECUserInfoModel.m; sourceTree = "<group>"; };
		8EA160712025AB38007FE0D1 /* ECUploadTool.h */ = {isa = PBXFileReference; lastKnownFileType = sourcecode.c.h; path = ECUploadTool.h; sourceTree = "<group>"; };
		8EA160722025AB38007FE0D1 /* ECUploadTool.m */ = {isa = PBXFileReference; lastKnownFileType = sourcecode.c.objc; path = ECUploadTool.m; sourceTree = "<group>"; };
		8EA9BC1B202ADE1900B4801D /* ECPhoneAddViewController.h */ = {isa = PBXFileReference; lastKnownFileType = sourcecode.c.h; path = ECPhoneAddViewController.h; sourceTree = "<group>"; };
		8EA9BC1C202ADE1900B4801D /* ECPhoneAddViewController.m */ = {isa = PBXFileReference; lastKnownFileType = sourcecode.c.objc; path = ECPhoneAddViewController.m; sourceTree = "<group>"; };
		8EA9BC2D202B5DAD00B4801D /* ECOpeningTimeViewController.h */ = {isa = PBXFileReference; lastKnownFileType = sourcecode.c.h; path = ECOpeningTimeViewController.h; sourceTree = "<group>"; };
		8EA9BC2E202B5DAD00B4801D /* ECOpeningTimeViewController.m */ = {isa = PBXFileReference; lastKnownFileType = sourcecode.c.objc; path = ECOpeningTimeViewController.m; sourceTree = "<group>"; };
		8EA9BC30202B5DD700B4801D /* ECOpeningTimeEditViewController.h */ = {isa = PBXFileReference; lastKnownFileType = sourcecode.c.h; path = ECOpeningTimeEditViewController.h; sourceTree = "<group>"; };
		8EA9BC31202B5DD700B4801D /* ECOpeningTimeEditViewController.m */ = {isa = PBXFileReference; lastKnownFileType = sourcecode.c.objc; path = ECOpeningTimeEditViewController.m; sourceTree = "<group>"; };
		8EA9BC33202B62AE00B4801D /* ECAddressOpeningTimeViewCell.h */ = {isa = PBXFileReference; lastKnownFileType = sourcecode.c.h; path = ECAddressOpeningTimeViewCell.h; sourceTree = "<group>"; };
		8EA9BC34202B62AE00B4801D /* ECAddressOpeningTimeViewCell.m */ = {isa = PBXFileReference; lastKnownFileType = sourcecode.c.objc; path = ECAddressOpeningTimeViewCell.m; sourceTree = "<group>"; };
		8EA9BC36202BDBF300B4801D /* ECOpeningModel.h */ = {isa = PBXFileReference; lastKnownFileType = sourcecode.c.h; path = ECOpeningModel.h; sourceTree = "<group>"; };
		8EA9BC37202BDBF300B4801D /* ECOpeningModel.m */ = {isa = PBXFileReference; lastKnownFileType = sourcecode.c.objc; path = ECOpeningModel.m; sourceTree = "<group>"; };
		8EA9BC39202BDDB700B4801D /* ECOpeningOptionModel.h */ = {isa = PBXFileReference; lastKnownFileType = sourcecode.c.h; path = ECOpeningOptionModel.h; sourceTree = "<group>"; };
		8EA9BC3A202BDDB700B4801D /* ECOpeningOptionModel.m */ = {isa = PBXFileReference; lastKnownFileType = sourcecode.c.objc; path = ECOpeningOptionModel.m; sourceTree = "<group>"; };
		8EA9BC3C202BDF7E00B4801D /* ECOpeningTimeList.h */ = {isa = PBXFileReference; lastKnownFileType = sourcecode.c.h; path = ECOpeningTimeList.h; sourceTree = "<group>"; };
		8EA9BC3D202BDF7E00B4801D /* ECOpeningTimeList.m */ = {isa = PBXFileReference; lastKnownFileType = sourcecode.c.objc; path = ECOpeningTimeList.m; sourceTree = "<group>"; };
		8EA9BC3F202BDF9700B4801D /* ECOpeningTimeItemModel.h */ = {isa = PBXFileReference; lastKnownFileType = sourcecode.c.h; path = ECOpeningTimeItemModel.h; sourceTree = "<group>"; };
		8EA9BC40202BDF9700B4801D /* ECOpeningTimeItemModel.m */ = {isa = PBXFileReference; lastKnownFileType = sourcecode.c.objc; path = ECOpeningTimeItemModel.m; sourceTree = "<group>"; };
		8EAE816F202DFF6C00D06854 /* ECBalanceDetailViewController.h */ = {isa = PBXFileReference; lastKnownFileType = sourcecode.c.h; path = ECBalanceDetailViewController.h; sourceTree = "<group>"; };
		8EAE8170202DFF6C00D06854 /* ECBalanceDetailViewController.m */ = {isa = PBXFileReference; lastKnownFileType = sourcecode.c.objc; path = ECBalanceDetailViewController.m; sourceTree = "<group>"; };
		8EAE8172202E8A7400D06854 /* ECOpenTimeUpdateModel.h */ = {isa = PBXFileReference; lastKnownFileType = sourcecode.c.h; path = ECOpenTimeUpdateModel.h; sourceTree = "<group>"; };
		8EAE8173202E8A7400D06854 /* ECOpenTimeUpdateModel.m */ = {isa = PBXFileReference; lastKnownFileType = sourcecode.c.objc; path = ECOpenTimeUpdateModel.m; sourceTree = "<group>"; };
		8EAE8175202ECF7100D06854 /* ECOpenTimeItemView.h */ = {isa = PBXFileReference; lastKnownFileType = sourcecode.c.h; path = ECOpenTimeItemView.h; sourceTree = "<group>"; };
		8EAE8176202ECF7100D06854 /* ECOpenTimeItemView.m */ = {isa = PBXFileReference; lastKnownFileType = sourcecode.c.objc; path = ECOpenTimeItemView.m; sourceTree = "<group>"; };
		8EB0C6FD203300100035F8EF /* ECWithdrawViewController.h */ = {isa = PBXFileReference; lastKnownFileType = sourcecode.c.h; path = ECWithdrawViewController.h; sourceTree = "<group>"; };
		8EB0C6FE203300100035F8EF /* ECWithdrawViewController.m */ = {isa = PBXFileReference; lastKnownFileType = sourcecode.c.objc; path = ECWithdrawViewController.m; sourceTree = "<group>"; };
		8EB0C700203325B20035F8EF /* ECWithdrawCardCell.h */ = {isa = PBXFileReference; lastKnownFileType = sourcecode.c.h; path = ECWithdrawCardCell.h; sourceTree = "<group>"; };
		8EB0C701203325B20035F8EF /* ECWithdrawCardCell.m */ = {isa = PBXFileReference; lastKnownFileType = sourcecode.c.objc; path = ECWithdrawCardCell.m; sourceTree = "<group>"; };
		8EB0C706203402740035F8EF /* ECUserAccountModel.h */ = {isa = PBXFileReference; lastKnownFileType = sourcecode.c.h; path = ECUserAccountModel.h; sourceTree = "<group>"; };
		8EB0C707203402740035F8EF /* ECUserAccountModel.m */ = {isa = PBXFileReference; lastKnownFileType = sourcecode.c.objc; path = ECUserAccountModel.m; sourceTree = "<group>"; };
		8EB0C70C203403550035F8EF /* ECCashModel.h */ = {isa = PBXFileReference; lastKnownFileType = sourcecode.c.h; path = ECCashModel.h; sourceTree = "<group>"; };
		8EB0C70D203403550035F8EF /* ECCashModel.m */ = {isa = PBXFileReference; lastKnownFileType = sourcecode.c.objc; path = ECCashModel.m; sourceTree = "<group>"; };
		8EB0C710203423380035F8EF /* ECHomeService.h */ = {isa = PBXFileReference; lastKnownFileType = sourcecode.c.h; path = ECHomeService.h; sourceTree = "<group>"; };
		8EB0C711203423380035F8EF /* ECHomeService.m */ = {isa = PBXFileReference; lastKnownFileType = sourcecode.c.objc; path = ECHomeService.m; sourceTree = "<group>"; };
		8EB0C713203425BF0035F8EF /* ECBalancePageModel.h */ = {isa = PBXFileReference; lastKnownFileType = sourcecode.c.h; path = ECBalancePageModel.h; sourceTree = "<group>"; };
		8EB0C714203425BF0035F8EF /* ECBalancePageModel.m */ = {isa = PBXFileReference; lastKnownFileType = sourcecode.c.objc; path = ECBalancePageModel.m; sourceTree = "<group>"; };
		8EB0C71D203439140035F8EF /* ECBalanceListViewController.h */ = {isa = PBXFileReference; lastKnownFileType = sourcecode.c.h; path = ECBalanceListViewController.h; sourceTree = "<group>"; };
		8EB0C71E203439140035F8EF /* ECBalanceListViewController.m */ = {isa = PBXFileReference; lastKnownFileType = sourcecode.c.objc; path = ECBalanceListViewController.m; sourceTree = "<group>"; };
		8EB0C725203445730035F8EF /* LSPTitleStyle.m */ = {isa = PBXFileReference; fileEncoding = 4; lastKnownFileType = sourcecode.c.objc; path = LSPTitleStyle.m; sourceTree = "<group>"; };
		8EB0C726203445730035F8EF /* LSPPageView.m */ = {isa = PBXFileReference; fileEncoding = 4; lastKnownFileType = sourcecode.c.objc; path = LSPPageView.m; sourceTree = "<group>"; };
		8EB0C727203445730035F8EF /* LSPContentView.m */ = {isa = PBXFileReference; fileEncoding = 4; lastKnownFileType = sourcecode.c.objc; path = LSPContentView.m; sourceTree = "<group>"; };
		8EB0C728203445730035F8EF /* LSPTitleView.m */ = {isa = PBXFileReference; fileEncoding = 4; lastKnownFileType = sourcecode.c.objc; path = LSPTitleView.m; sourceTree = "<group>"; };
		8EB0C729203445730035F8EF /* LSPContentView.h */ = {isa = PBXFileReference; fileEncoding = 4; lastKnownFileType = sourcecode.c.h; path = LSPContentView.h; sourceTree = "<group>"; };
		8EB0C72A203445730035F8EF /* LSPPageView.h */ = {isa = PBXFileReference; fileEncoding = 4; lastKnownFileType = sourcecode.c.h; path = LSPPageView.h; sourceTree = "<group>"; };
		8EB0C72B203445730035F8EF /* LSPTitleStyle.h */ = {isa = PBXFileReference; fileEncoding = 4; lastKnownFileType = sourcecode.c.h; path = LSPTitleStyle.h; sourceTree = "<group>"; };
		8EB0C72C203445730035F8EF /* LSPTitleView.h */ = {isa = PBXFileReference; fileEncoding = 4; lastKnownFileType = sourcecode.c.h; path = LSPTitleView.h; sourceTree = "<group>"; };
		8EB0C73120345C690035F8EF /* ECGeocoderTool.h */ = {isa = PBXFileReference; lastKnownFileType = sourcecode.c.h; path = ECGeocoderTool.h; sourceTree = "<group>"; };
		8EB0C73220345C690035F8EF /* ECGeocoderTool.m */ = {isa = PBXFileReference; lastKnownFileType = sourcecode.c.objc; path = ECGeocoderTool.m; sourceTree = "<group>"; };
		8ECC929A20303DD3004F7AFC /* YSCryptor.h */ = {isa = PBXFileReference; fileEncoding = 4; lastKnownFileType = sourcecode.c.h; path = YSCryptor.h; sourceTree = "<group>"; };
		8ECC929B20303DD3004F7AFC /* YSCryptor.m */ = {isa = PBXFileReference; fileEncoding = 4; lastKnownFileType = sourcecode.c.objc; path = YSCryptor.m; sourceTree = "<group>"; };
		8ECC92A320305058004F7AFC /* ECBalanceCell.h */ = {isa = PBXFileReference; lastKnownFileType = sourcecode.c.h; path = ECBalanceCell.h; sourceTree = "<group>"; };
		8ECC92A420305058004F7AFC /* ECBalanceCell.m */ = {isa = PBXFileReference; lastKnownFileType = sourcecode.c.objc; path = ECBalanceCell.m; sourceTree = "<group>"; };
		8ECC92A620305EFA004F7AFC /* ECBalanceBillModel.h */ = {isa = PBXFileReference; lastKnownFileType = sourcecode.c.h; path = ECBalanceBillModel.h; sourceTree = "<group>"; };
		8ECC92A720305EFA004F7AFC /* ECBalanceBillModel.m */ = {isa = PBXFileReference; lastKnownFileType = sourcecode.c.objc; path = ECBalanceBillModel.m; sourceTree = "<group>"; };
		8EDE83CF201B8E4200E16817 /* UINavigationBar+Transparent.m */ = {isa = PBXFileReference; fileEncoding = 4; lastKnownFileType = sourcecode.c.objc; path = "UINavigationBar+Transparent.m"; sourceTree = "<group>"; };
		8EDE83D0201B8E4200E16817 /* UINavigationBar+Transparent.h */ = {isa = PBXFileReference; fileEncoding = 4; lastKnownFileType = sourcecode.c.h; path = "UINavigationBar+Transparent.h"; sourceTree = "<group>"; };
		8EDE83D2201B8E6800E16817 /* UIViewController+navigatinSetting.h */ = {isa = PBXFileReference; fileEncoding = 4; lastKnownFileType = sourcecode.c.h; path = "UIViewController+navigatinSetting.h"; sourceTree = "<group>"; };
		8EDE83D3201B8E6800E16817 /* UIViewController+navigatinSetting.m */ = {isa = PBXFileReference; fileEncoding = 4; lastKnownFileType = sourcecode.c.objc; path = "UIViewController+navigatinSetting.m"; sourceTree = "<group>"; };
		8EE6F98A20293807009F385A /* ECConfigModel.h */ = {isa = PBXFileReference; lastKnownFileType = sourcecode.c.h; path = ECConfigModel.h; sourceTree = "<group>"; };
		8EE6F98B20293807009F385A /* ECConfigModel.m */ = {isa = PBXFileReference; lastKnownFileType = sourcecode.c.objc; path = ECConfigModel.m; sourceTree = "<group>"; };
		8EE6F98D20293A95009F385A /* ECAddressEditViewController.h */ = {isa = PBXFileReference; lastKnownFileType = sourcecode.c.h; path = ECAddressEditViewController.h; sourceTree = "<group>"; };
		8EE6F98E20293A95009F385A /* ECAddressEditViewController.m */ = {isa = PBXFileReference; lastKnownFileType = sourcecode.c.objc; path = ECAddressEditViewController.m; sourceTree = "<group>"; };
		8EE6F99120293C3A009F385A /* ECSettingService.h */ = {isa = PBXFileReference; lastKnownFileType = sourcecode.c.h; path = ECSettingService.h; sourceTree = "<group>"; };
		8EE6F99220293C3A009F385A /* ECSettingService.m */ = {isa = PBXFileReference; lastKnownFileType = sourcecode.c.objc; path = ECSettingService.m; sourceTree = "<group>"; };
		8EE6F994202945ED009F385A /* ECBankCardAddViewController.h */ = {isa = PBXFileReference; lastKnownFileType = sourcecode.c.h; path = ECBankCardAddViewController.h; sourceTree = "<group>"; };
		8EE6F995202945ED009F385A /* ECBankCardAddViewController.m */ = {isa = PBXFileReference; lastKnownFileType = sourcecode.c.objc; path = ECBankCardAddViewController.m; sourceTree = "<group>"; };
		8EF404F82029642000B6EDE2 /* ECBankCardModel.h */ = {isa = PBXFileReference; lastKnownFileType = sourcecode.c.h; path = ECBankCardModel.h; sourceTree = "<group>"; };
		8EF404F92029642000B6EDE2 /* ECBankCardModel.m */ = {isa = PBXFileReference; lastKnownFileType = sourcecode.c.objc; path = ECBankCardModel.m; sourceTree = "<group>"; };
		8EF404FB2029FD5300B6EDE2 /* ECAddressModel.h */ = {isa = PBXFileReference; lastKnownFileType = sourcecode.c.h; path = ECAddressModel.h; sourceTree = "<group>"; };
		8EF404FC2029FD5300B6EDE2 /* ECAddressModel.m */ = {isa = PBXFileReference; lastKnownFileType = sourcecode.c.objc; path = ECAddressModel.m; sourceTree = "<group>"; };
		8EF404FE202A8C7F00B6EDE2 /* ECPhoneViewController.h */ = {isa = PBXFileReference; lastKnownFileType = sourcecode.c.h; path = ECPhoneViewController.h; sourceTree = "<group>"; };
		8EF404FF202A8C7F00B6EDE2 /* ECPhoneViewController.m */ = {isa = PBXFileReference; lastKnownFileType = sourcecode.c.objc; path = ECPhoneViewController.m; sourceTree = "<group>"; };
		8EF40501202A8D1600B6EDE2 /* ECAddressPhoneCell.h */ = {isa = PBXFileReference; lastKnownFileType = sourcecode.c.h; path = ECAddressPhoneCell.h; sourceTree = "<group>"; };
		8EF40502202A8D1600B6EDE2 /* ECAddressPhoneCell.m */ = {isa = PBXFileReference; lastKnownFileType = sourcecode.c.objc; path = ECAddressPhoneCell.m; sourceTree = "<group>"; };
		8EFA6AD3202206D1007454BF /* ECBalanceViewController.h */ = {isa = PBXFileReference; lastKnownFileType = sourcecode.c.h; path = ECBalanceViewController.h; sourceTree = "<group>"; };
		8EFA6AD4202206D1007454BF /* ECBalanceViewController.m */ = {isa = PBXFileReference; lastKnownFileType = sourcecode.c.objc; path = ECBalanceViewController.m; sourceTree = "<group>"; };
		8EFA6AD72022A641007454BF /* ECForgetPwdViewController.h */ = {isa = PBXFileReference; fileEncoding = 4; lastKnownFileType = sourcecode.c.h; path = ECForgetPwdViewController.h; sourceTree = "<group>"; };
		8EFA6AD82022A641007454BF /* ECRegisterNextViewController.m */ = {isa = PBXFileReference; fileEncoding = 4; lastKnownFileType = sourcecode.c.objc; path = ECRegisterNextViewController.m; sourceTree = "<group>"; };
		8EFA6AD92022A641007454BF /* ECBindCardViewController.m */ = {isa = PBXFileReference; fileEncoding = 4; lastKnownFileType = sourcecode.c.objc; path = ECBindCardViewController.m; sourceTree = "<group>"; };
		8EFA6ADA2022A641007454BF /* ECRegisterViewController.m */ = {isa = PBXFileReference; fileEncoding = 4; lastKnownFileType = sourcecode.c.objc; path = ECRegisterViewController.m; sourceTree = "<group>"; };
		8EFA6ADB2022A641007454BF /* ECLoginViewController.m */ = {isa = PBXFileReference; fileEncoding = 4; lastKnownFileType = sourcecode.c.objc; path = ECLoginViewController.m; sourceTree = "<group>"; };
		8EFA6ADC2022A641007454BF /* ECForgetPwdViewController.m */ = {isa = PBXFileReference; fileEncoding = 4; lastKnownFileType = sourcecode.c.objc; path = ECForgetPwdViewController.m; sourceTree = "<group>"; };
		8EFA6ADD2022A641007454BF /* ECRegisterNextViewController.h */ = {isa = PBXFileReference; fileEncoding = 4; lastKnownFileType = sourcecode.c.h; path = ECRegisterNextViewController.h; sourceTree = "<group>"; };
		8EFA6ADE2022A641007454BF /* ECLoginViewController.h */ = {isa = PBXFileReference; fileEncoding = 4; lastKnownFileType = sourcecode.c.h; path = ECLoginViewController.h; sourceTree = "<group>"; };
		8EFA6ADF2022A641007454BF /* ECRegisterViewController.h */ = {isa = PBXFileReference; fileEncoding = 4; lastKnownFileType = sourcecode.c.h; path = ECRegisterViewController.h; sourceTree = "<group>"; };
		8EFA6AE02022A641007454BF /* ECBindCardViewController.h */ = {isa = PBXFileReference; fileEncoding = 4; lastKnownFileType = sourcecode.c.h; path = ECBindCardViewController.h; sourceTree = "<group>"; };
		8EFA9C0D202C969E006500D8 /* MJExtensionConfig.h */ = {isa = PBXFileReference; lastKnownFileType = sourcecode.c.h; path = MJExtensionConfig.h; sourceTree = "<group>"; };
		8EFA9C0E202C969E006500D8 /* MJExtensionConfig.m */ = {isa = PBXFileReference; lastKnownFileType = sourcecode.c.objc; path = MJExtensionConfig.m; sourceTree = "<group>"; };
		8EFA9C10202CB0F4006500D8 /* ECSafeViewController.h */ = {isa = PBXFileReference; lastKnownFileType = sourcecode.c.h; path = ECSafeViewController.h; sourceTree = "<group>"; };
		8EFA9C11202CB0F4006500D8 /* ECSafeViewController.m */ = {isa = PBXFileReference; lastKnownFileType = sourcecode.c.objc; path = ECSafeViewController.m; sourceTree = "<group>"; };
		8EFA9C13202CB110006500D8 /* ECTipsSettingViewController.h */ = {isa = PBXFileReference; lastKnownFileType = sourcecode.c.h; path = ECTipsSettingViewController.h; sourceTree = "<group>"; };
		8EFA9C14202CB110006500D8 /* ECTipsSettingViewController.m */ = {isa = PBXFileReference; lastKnownFileType = sourcecode.c.objc; path = ECTipsSettingViewController.m; sourceTree = "<group>"; };
		8EFA9C16202CB11E006500D8 /* ECHelpViewController.h */ = {isa = PBXFileReference; lastKnownFileType = sourcecode.c.h; path = ECHelpViewController.h; sourceTree = "<group>"; };
		8EFA9C17202CB11E006500D8 /* ECHelpViewController.m */ = {isa = PBXFileReference; lastKnownFileType = sourcecode.c.objc; path = ECHelpViewController.m; sourceTree = "<group>"; };
		8EFA9C19202CB1D8006500D8 /* ECProtocolViewController.h */ = {isa = PBXFileReference; lastKnownFileType = sourcecode.c.h; path = ECProtocolViewController.h; sourceTree = "<group>"; };
		8EFA9C1A202CB1D8006500D8 /* ECProtocolViewController.m */ = {isa = PBXFileReference; lastKnownFileType = sourcecode.c.objc; path = ECProtocolViewController.m; sourceTree = "<group>"; };
		8EFA9C1C202CB8CB006500D8 /* ECSettingCellDataSource.h */ = {isa = PBXFileReference; lastKnownFileType = sourcecode.c.h; path = ECSettingCellDataSource.h; sourceTree = "<group>"; };
		8EFA9C1D202CB8CB006500D8 /* ECSettingCellDataSource.m */ = {isa = PBXFileReference; lastKnownFileType = sourcecode.c.objc; path = ECSettingCellDataSource.m; sourceTree = "<group>"; };
		E2B16C419344DFF3A101A142 /* Pods-ECardBusiness.release.xcconfig */ = {isa = PBXFileReference; includeInIndex = 1; lastKnownFileType = text.xcconfig; name = "Pods-ECardBusiness.release.xcconfig"; path = "Pods/Target Support Files/Pods-ECardBusiness/Pods-ECardBusiness.release.xcconfig"; sourceTree = "<group>"; };
		EE1C3295BC40484989A5B249 /* libPods-ECardBusiness.a */ = {isa = PBXFileReference; explicitFileType = archive.ar; includeInIndex = 0; path = "libPods-ECardBusiness.a"; sourceTree = BUILT_PRODUCTS_DIR; };
		F60BD62F200C54E000050F3A /* ECardBusiness.app */ = {isa = PBXFileReference; explicitFileType = wrapper.application; includeInIndex = 0; path = ECardBusiness.app; sourceTree = BUILT_PRODUCTS_DIR; };
		F60BD632200C54E000050F3A /* AppDelegate.h */ = {isa = PBXFileReference; lastKnownFileType = sourcecode.c.h; path = AppDelegate.h; sourceTree = "<group>"; };
		F60BD633200C54E000050F3A /* AppDelegate.m */ = {isa = PBXFileReference; lastKnownFileType = sourcecode.c.objc; path = AppDelegate.m; sourceTree = "<group>"; };
		F60BD63B200C54E000050F3A /* Assets.xcassets */ = {isa = PBXFileReference; lastKnownFileType = folder.assetcatalog; path = Assets.xcassets; sourceTree = "<group>"; };
		F60BD640200C54E000050F3A /* Info.plist */ = {isa = PBXFileReference; lastKnownFileType = text.plist.xml; path = Info.plist; sourceTree = "<group>"; };
		F60BD641200C54E000050F3A /* main.m */ = {isa = PBXFileReference; lastKnownFileType = sourcecode.c.objc; path = main.m; sourceTree = "<group>"; };
		F60BD648200C562B00050F3A /* ECardBusiness-Prefix.pch */ = {isa = PBXFileReference; lastKnownFileType = sourcecode.c.h; path = "ECardBusiness-Prefix.pch"; sourceTree = "<group>"; };
		F60BD64D200C583100050F3A /* ECHome2ViewController.h */ = {isa = PBXFileReference; fileEncoding = 4; lastKnownFileType = sourcecode.c.h; path = ECHome2ViewController.h; sourceTree = "<group>"; };
		F60BD64E200C583100050F3A /* ECHome2ViewController.m */ = {isa = PBXFileReference; fileEncoding = 4; lastKnownFileType = sourcecode.c.objc; path = ECHome2ViewController.m; sourceTree = "<group>"; };
		F60BD653200C583100050F3A /* NSString+ECUtil.h */ = {isa = PBXFileReference; fileEncoding = 4; lastKnownFileType = sourcecode.c.h; path = "NSString+ECUtil.h"; sourceTree = "<group>"; };
		F60BD654200C583100050F3A /* NSString+ECUtil.m */ = {isa = PBXFileReference; fileEncoding = 4; lastKnownFileType = sourcecode.c.objc; path = "NSString+ECUtil.m"; sourceTree = "<group>"; };
		F60BD655200C583100050F3A /* UIBarButtonItem+Extension.h */ = {isa = PBXFileReference; fileEncoding = 4; lastKnownFileType = sourcecode.c.h; path = "UIBarButtonItem+Extension.h"; sourceTree = "<group>"; };
		F60BD656200C583100050F3A /* UIBarButtonItem+Extension.m */ = {isa = PBXFileReference; fileEncoding = 4; lastKnownFileType = sourcecode.c.objc; path = "UIBarButtonItem+Extension.m"; sourceTree = "<group>"; };
		F60BD657200C583100050F3A /* UILabel+ECUtil.h */ = {isa = PBXFileReference; fileEncoding = 4; lastKnownFileType = sourcecode.c.h; path = "UILabel+ECUtil.h"; sourceTree = "<group>"; };
		F60BD658200C583100050F3A /* UILabel+ECUtil.m */ = {isa = PBXFileReference; fileEncoding = 4; lastKnownFileType = sourcecode.c.objc; path = "UILabel+ECUtil.m"; sourceTree = "<group>"; };
		F60BD659200C583100050F3A /* UIView+Utils.h */ = {isa = PBXFileReference; fileEncoding = 4; lastKnownFileType = sourcecode.c.h; path = "UIView+Utils.h"; sourceTree = "<group>"; };
		F60BD65A200C583100050F3A /* UIView+Utils.m */ = {isa = PBXFileReference; fileEncoding = 4; lastKnownFileType = sourcecode.c.objc; path = "UIView+Utils.m"; sourceTree = "<group>"; };
		F60BD65C200C583100050F3A /* ECMacro.h */ = {isa = PBXFileReference; fileEncoding = 4; lastKnownFileType = sourcecode.c.h; path = ECMacro.h; sourceTree = "<group>"; };
		F60BD662200C583100050F3A /* ECHttpRequest.h */ = {isa = PBXFileReference; fileEncoding = 4; lastKnownFileType = sourcecode.c.h; path = ECHttpRequest.h; sourceTree = "<group>"; };
		F610A84020161B190017A77C /* ECRegisterTool.h */ = {isa = PBXFileReference; lastKnownFileType = sourcecode.c.h; path = ECRegisterTool.h; sourceTree = "<group>"; };
		F610A84120161B190017A77C /* ECRegisterTool.m */ = {isa = PBXFileReference; lastKnownFileType = sourcecode.c.objc; path = ECRegisterTool.m; sourceTree = "<group>"; };
		F62F3B88200FAF4600729FAF /* ECRegisterModel.m */ = {isa = PBXFileReference; fileEncoding = 4; lastKnownFileType = sourcecode.c.objc; path = ECRegisterModel.m; sourceTree = "<group>"; };
		F62F3B89200FAF4600729FAF /* ECRegisterModel.h */ = {isa = PBXFileReference; fileEncoding = 4; lastKnownFileType = sourcecode.c.h; path = ECRegisterModel.h; sourceTree = "<group>"; };
		F62F3B8B200FB22400729FAF /* YSTextField.h */ = {isa = PBXFileReference; fileEncoding = 4; lastKnownFileType = sourcecode.c.h; path = YSTextField.h; sourceTree = "<group>"; };
		F62F3B8C200FB22400729FAF /* YSTextField.m */ = {isa = PBXFileReference; fileEncoding = 4; lastKnownFileType = sourcecode.c.objc; path = YSTextField.m; sourceTree = "<group>"; };
		F64876492012EDB700BD653C /* ECWebViewController.h */ = {isa = PBXFileReference; lastKnownFileType = sourcecode.c.h; path = ECWebViewController.h; sourceTree = "<group>"; };
		F648764A2012EDB700BD653C /* ECWebViewController.m */ = {isa = PBXFileReference; lastKnownFileType = sourcecode.c.objc; path = ECWebViewController.m; sourceTree = "<group>"; };
		F648764E2012F2D300BD653C /* ECLoginService.h */ = {isa = PBXFileReference; lastKnownFileType = sourcecode.c.h; path = ECLoginService.h; sourceTree = "<group>"; };
		F648764F2012F2D300BD653C /* ECLoginService.m */ = {isa = PBXFileReference; lastKnownFileType = sourcecode.c.objc; path = ECLoginService.m; sourceTree = "<group>"; };
		F679256520104C0B006512E5 /* ECFooterButtonView.h */ = {isa = PBXFileReference; lastKnownFileType = sourcecode.c.h; path = ECFooterButtonView.h; sourceTree = "<group>"; };
		F679256620104C0B006512E5 /* ECFooterButtonView.m */ = {isa = PBXFileReference; lastKnownFileType = sourcecode.c.objc; path = ECFooterButtonView.m; sourceTree = "<group>"; };
		F68345712011814900816A7A /* ECNavigationController.h */ = {isa = PBXFileReference; lastKnownFileType = sourcecode.c.h; path = ECNavigationController.h; sourceTree = "<group>"; };
		F68345722011814900816A7A /* ECNavigationController.m */ = {isa = PBXFileReference; lastKnownFileType = sourcecode.c.objc; path = ECNavigationController.m; sourceTree = "<group>"; };
		F683457420123ED400816A7A /* BRTextField.m */ = {isa = PBXFileReference; fileEncoding = 4; lastKnownFileType = sourcecode.c.objc; path = BRTextField.m; sourceTree = "<group>"; };
		F683457520123ED400816A7A /* BRTextField.h */ = {isa = PBXFileReference; fileEncoding = 4; lastKnownFileType = sourcecode.c.h; path = BRTextField.h; sourceTree = "<group>"; };
		F683457720124BCF00816A7A /* ECOpeningTimeView.h */ = {isa = PBXFileReference; lastKnownFileType = sourcecode.c.h; path = ECOpeningTimeView.h; sourceTree = "<group>"; };
		F683457820124BCF00816A7A /* ECOpeningTimeView.m */ = {isa = PBXFileReference; lastKnownFileType = sourcecode.c.objc; path = ECOpeningTimeView.m; sourceTree = "<group>"; };
		F6A588A7201301B600BE7EA8 /* ECHttpRequest.m */ = {isa = PBXFileReference; fileEncoding = 4; lastKnownFileType = sourcecode.c.objc; path = ECHttpRequest.m; sourceTree = "<group>"; };
		F6A588AA201307A300BE7EA8 /* ECAccountTool.h */ = {isa = PBXFileReference; lastKnownFileType = sourcecode.c.h; path = ECAccountTool.h; sourceTree = "<group>"; };
		F6A588AB201307A300BE7EA8 /* ECAccountTool.m */ = {isa = PBXFileReference; lastKnownFileType = sourcecode.c.objc; path = ECAccountTool.m; sourceTree = "<group>"; };
		F6A588B220134D9500BE7EA8 /* ECAccountModel.h */ = {isa = PBXFileReference; lastKnownFileType = sourcecode.c.h; path = ECAccountModel.h; sourceTree = "<group>"; };
		F6A588B320134D9500BE7EA8 /* ECAccountModel.m */ = {isa = PBXFileReference; lastKnownFileType = sourcecode.c.objc; path = ECAccountModel.m; sourceTree = "<group>"; };
		F6A588BA20142B5A00BE7EA8 /* BRAddressModel.h */ = {isa = PBXFileReference; fileEncoding = 4; lastKnownFileType = sourcecode.c.h; path = BRAddressModel.h; sourceTree = "<group>"; };
		F6A588BB20142B5A00BE7EA8 /* BRAddressModel.m */ = {isa = PBXFileReference; fileEncoding = 4; lastKnownFileType = sourcecode.c.objc; path = BRAddressModel.m; sourceTree = "<group>"; };
		F6A588BC20142B5A00BE7EA8 /* BRAddressPickerView.h */ = {isa = PBXFileReference; fileEncoding = 4; lastKnownFileType = sourcecode.c.h; path = BRAddressPickerView.h; sourceTree = "<group>"; };
		F6A588BD20142B5A00BE7EA8 /* BRAddressPickerView.m */ = {isa = PBXFileReference; fileEncoding = 4; lastKnownFileType = sourcecode.c.objc; path = BRAddressPickerView.m; sourceTree = "<group>"; };
		F6A588BE20142B5A00BE7EA8 /* BRCity.plist */ = {isa = PBXFileReference; fileEncoding = 4; lastKnownFileType = text.plist.xml; path = BRCity.plist; sourceTree = "<group>"; };
		F6A588C020142B5A00BE7EA8 /* BRBaseView.h */ = {isa = PBXFileReference; fileEncoding = 4; lastKnownFileType = sourcecode.c.h; path = BRBaseView.h; sourceTree = "<group>"; };
		F6A588C120142B5A00BE7EA8 /* BRBaseView.m */ = {isa = PBXFileReference; fileEncoding = 4; lastKnownFileType = sourcecode.c.objc; path = BRBaseView.m; sourceTree = "<group>"; };
		F6A588C220142B5A00BE7EA8 /* BRPickerView.h */ = {isa = PBXFileReference; fileEncoding = 4; lastKnownFileType = sourcecode.c.h; path = BRPickerView.h; sourceTree = "<group>"; };
		F6A588C420142B5A00BE7EA8 /* BRDatePickerView.h */ = {isa = PBXFileReference; fileEncoding = 4; lastKnownFileType = sourcecode.c.h; path = BRDatePickerView.h; sourceTree = "<group>"; };
		F6A588C520142B5A00BE7EA8 /* BRDatePickerView.m */ = {isa = PBXFileReference; fileEncoding = 4; lastKnownFileType = sourcecode.c.objc; path = BRDatePickerView.m; sourceTree = "<group>"; };
		F6A588C720142B5A00BE7EA8 /* BRStringPickerView.h */ = {isa = PBXFileReference; fileEncoding = 4; lastKnownFileType = sourcecode.c.h; path = BRStringPickerView.h; sourceTree = "<group>"; };
		F6A588C820142B5A00BE7EA8 /* BRStringPickerView.m */ = {isa = PBXFileReference; fileEncoding = 4; lastKnownFileType = sourcecode.c.objc; path = BRStringPickerView.m; sourceTree = "<group>"; };
		F6A588CF201450A500BE7EA8 /* ECOfficeHoursModel.h */ = {isa = PBXFileReference; lastKnownFileType = sourcecode.c.h; path = ECOfficeHoursModel.h; sourceTree = "<group>"; };
		F6A588D0201450A500BE7EA8 /* ECOfficeHoursModel.m */ = {isa = PBXFileReference; lastKnownFileType = sourcecode.c.objc; path = ECOfficeHoursModel.m; sourceTree = "<group>"; };
		F6A588D22014C0F500BE7EA8 /* Foundation+Log.m */ = {isa = PBXFileReference; fileEncoding = 4; lastKnownFileType = sourcecode.c.objc; path = "Foundation+Log.m"; sourceTree = "<group>"; };
/* End PBXFileReference section */

/* Begin PBXFrameworksBuildPhase section */
		F60BD62C200C54E000050F3A /* Frameworks */ = {
			isa = PBXFrameworksBuildPhase;
			buildActionMask = 2147483647;
			files = (
				4DF79B3A696C880453D2CE30 /* libPods-ECardBusiness.a in Frameworks */,
			);
			runOnlyForDeploymentPostprocessing = 0;
		};
/* End PBXFrameworksBuildPhase section */

/* Begin PBXGroup section */
		8E3531DA201C4DD6005622C2 /* Setting */ = {
			isa = PBXGroup;
			children = (
				8EE6F99020293C1D009F385A /* Service */,
				8E3531DB201C4DD6005622C2 /* Controller */,
				8E3531DC201C4DD6005622C2 /* Model */,
				8E3531DD201C4DD6005622C2 /* View */,
			);
			path = Setting;
			sourceTree = "<group>";
		};
		8E3531DB201C4DD6005622C2 /* Controller */ = {
			isa = PBXGroup;
			children = (
				8E3531DE201C4DE7005622C2 /* ECSettingViewController.h */,
				8E3531DF201C4DE7005622C2 /* ECSettingViewController.m */,
				8E3531E1201C4E2A005622C2 /* ECMessageViewController.h */,
				8E3531E2201C4E2A005622C2 /* ECMessageViewController.m */,
				8E353201201C8CC2005622C2 /* ECBankCardViewController.h */,
				8E353202201C8CC2005622C2 /* ECBankCardViewController.m */,
				8E353204201C9119005622C2 /* ECMyInfoViewController.h */,
				8E353205201C9119005622C2 /* ECMyInfoViewController.m */,
				8E35320A201CC8E3005622C2 /* ECAddressViewController.h */,
				8E35320B201CC8E3005622C2 /* ECAddressViewController.m */,
				8EE6F98D20293A95009F385A /* ECAddressEditViewController.h */,
				8EE6F98E20293A95009F385A /* ECAddressEditViewController.m */,
				8EE6F994202945ED009F385A /* ECBankCardAddViewController.h */,
				8EE6F995202945ED009F385A /* ECBankCardAddViewController.m */,
				8EF404FE202A8C7F00B6EDE2 /* ECPhoneViewController.h */,
				8EF404FF202A8C7F00B6EDE2 /* ECPhoneViewController.m */,
				8EA9BC1B202ADE1900B4801D /* ECPhoneAddViewController.h */,
				8EA9BC1C202ADE1900B4801D /* ECPhoneAddViewController.m */,
				8EA9BC2D202B5DAD00B4801D /* ECOpeningTimeViewController.h */,
				8EA9BC2E202B5DAD00B4801D /* ECOpeningTimeViewController.m */,
				8EA9BC30202B5DD700B4801D /* ECOpeningTimeEditViewController.h */,
				8EA9BC31202B5DD700B4801D /* ECOpeningTimeEditViewController.m */,
				8EFA9C10202CB0F4006500D8 /* ECSafeViewController.h */,
				8EFA9C11202CB0F4006500D8 /* ECSafeViewController.m */,
				8EFA9C13202CB110006500D8 /* ECTipsSettingViewController.h */,
				8EFA9C14202CB110006500D8 /* ECTipsSettingViewController.m */,
				8EFA9C16202CB11E006500D8 /* ECHelpViewController.h */,
				8EFA9C17202CB11E006500D8 /* ECHelpViewController.m */,
				8EFA9C19202CB1D8006500D8 /* ECProtocolViewController.h */,
				8EFA9C1A202CB1D8006500D8 /* ECProtocolViewController.m */,
			);
			path = Controller;
			sourceTree = "<group>";
		};
		8E3531DC201C4DD6005622C2 /* Model */ = {
			isa = PBXGroup;
			children = (
				8E353210201CCCE7005622C2 /* ECAddressReqModel.h */,
				8E353211201CCCE7005622C2 /* ECAddressReqModel.m */,
				8EF404FB2029FD5300B6EDE2 /* ECAddressModel.h */,
				8EF404FC2029FD5300B6EDE2 /* ECAddressModel.m */,
				8EF404F82029642000B6EDE2 /* ECBankCardModel.h */,
				8EF404F92029642000B6EDE2 /* ECBankCardModel.m */,
				8EA9BC36202BDBF300B4801D /* ECOpeningModel.h */,
				8EA9BC37202BDBF300B4801D /* ECOpeningModel.m */,
				8EA9BC39202BDDB700B4801D /* ECOpeningOptionModel.h */,
				8EA9BC3A202BDDB700B4801D /* ECOpeningOptionModel.m */,
				8EA9BC3C202BDF7E00B4801D /* ECOpeningTimeList.h */,
				8EA9BC3D202BDF7E00B4801D /* ECOpeningTimeList.m */,
				8EA9BC3F202BDF9700B4801D /* ECOpeningTimeItemModel.h */,
				8EA9BC40202BDF9700B4801D /* ECOpeningTimeItemModel.m */,
				8EAE8172202E8A7400D06854 /* ECOpenTimeUpdateModel.h */,
				8EAE8173202E8A7400D06854 /* ECOpenTimeUpdateModel.m */,
			);
			path = Model;
			sourceTree = "<group>";
		};
		8E3531DD201C4DD6005622C2 /* View */ = {
			isa = PBXGroup;
			children = (
				8E35320D201CCB4B005622C2 /* ECAddressListCell.h */,
				8E35320E201CCB4B005622C2 /* ECAddressListCell.m */,
				8EF40501202A8D1600B6EDE2 /* ECAddressPhoneCell.h */,
				8EF40502202A8D1600B6EDE2 /* ECAddressPhoneCell.m */,
				8EA9BC33202B62AE00B4801D /* ECAddressOpeningTimeViewCell.h */,
				8EA9BC34202B62AE00B4801D /* ECAddressOpeningTimeViewCell.m */,
				8EFA9C1C202CB8CB006500D8 /* ECSettingCellDataSource.h */,
				8EFA9C1D202CB8CB006500D8 /* ECSettingCellDataSource.m */,
				8EAE8175202ECF7100D06854 /* ECOpenTimeItemView.h */,
				8EAE8176202ECF7100D06854 /* ECOpenTimeItemView.m */,
			);
			path = View;
			sourceTree = "<group>";
		};
		8E3531E4201C5FFB005622C2 /* YSMine */ = {
			isa = PBXGroup;
			children = (
				8E3531E5201C5FFB005622C2 /* YSMine.h */,
				8E3531F2201C5FFB005622C2 /* YSMineCellItem.h */,
				8E3531E8201C5FFB005622C2 /* YSMineCellItem.m */,
				8E3531F1201C5FFB005622C2 /* YSMineCell.h */,
				8E3531E9201C5FFB005622C2 /* YSMineCell.m */,
				8E3531F7201C5FFB005622C2 /* YSMineCellGroup.h */,
				8E3531EE201C5FFB005622C2 /* YSMineCellGroup.m */,
				8E3531EF201C5FFB005622C2 /* YSBadgeView.h */,
				8E3531EB201C5FFB005622C2 /* YSBadgeView.m */,
				8E3531EC201C5FFB005622C2 /* YSMineCellItemArrow.h */,
				8E3531F6201C5FFB005622C2 /* YSMineCellItemArrow.m */,
				8E3531F0201C5FFB005622C2 /* YSMineCellItemSwitch.h */,
				8E3531EA201C5FFB005622C2 /* YSMineCellItemSwitch.m */,
				8E3531E7201C5FFB005622C2 /* YSMineCellDataSource.h */,
				8E3531F3201C5FFB005622C2 /* YSMineCellDataSource.m */,
				8E3531F4201C5FFB005622C2 /* YSMineCellItemLabel.h */,
				8E3531E6201C5FFB005622C2 /* YSMineCellItemLabel.m */,
				8E3531ED201C5FFB005622C2 /* YSMineViewController.h */,
				8E3531F5201C5FFB005622C2 /* YSMineViewController.m */,
			);
			path = YSMine;
			sourceTree = "<group>";
		};
		8E43347C2023290C005FFDE4 /* Service */ = {
			isa = PBXGroup;
			children = (
				8E43347D20232976005FFDE4 /* ECService.h */,
				8E43347E20232976005FFDE4 /* ECService.m */,
			);
			path = Service;
			sourceTree = "<group>";
		};
		8E7D95D2202890A80067A3FC /* MBProgressHUD */ = {
			isa = PBXGroup;
			children = (
				8E7D95D3202890A80067A3FC /* MBProgressHUD+EC.m */,
				8E7D95D4202890A80067A3FC /* MBProgressHUD.bundle */,
				8E7D95D5202890A80067A3FC /* MBProgressHUD+EC.h */,
			);
			path = MBProgressHUD;
			sourceTree = "<group>";
		};
		8EB0C70F203423170035F8EF /* Service */ = {
			isa = PBXGroup;
			children = (
				8EB0C710203423380035F8EF /* ECHomeService.h */,
				8EB0C711203423380035F8EF /* ECHomeService.m */,
			);
			path = Service;
			sourceTree = "<group>";
		};
		8EB0C724203445730035F8EF /* PageView */ = {
			isa = PBXGroup;
			children = (
				8EB0C72B203445730035F8EF /* LSPTitleStyle.h */,
				8EB0C725203445730035F8EF /* LSPTitleStyle.m */,
				8EB0C72A203445730035F8EF /* LSPPageView.h */,
				8EB0C726203445730035F8EF /* LSPPageView.m */,
				8EB0C729203445730035F8EF /* LSPContentView.h */,
				8EB0C727203445730035F8EF /* LSPContentView.m */,
				8EB0C72C203445730035F8EF /* LSPTitleView.h */,
				8EB0C728203445730035F8EF /* LSPTitleView.m */,
			);
			path = PageView;
			sourceTree = "<group>";
		};
		8EE6F99020293C1D009F385A /* Service */ = {
			isa = PBXGroup;
			children = (
				8EE6F99120293C3A009F385A /* ECSettingService.h */,
				8EE6F99220293C3A009F385A /* ECSettingService.m */,
			);
			path = Service;
			sourceTree = "<group>";
		};
		8EFA6AD62022A641007454BF /* Controller */ = {
			isa = PBXGroup;
			children = (
				8EFA6ADF2022A641007454BF /* ECRegisterViewController.h */,
				8EFA6ADA2022A641007454BF /* ECRegisterViewController.m */,
				8EFA6ADD2022A641007454BF /* ECRegisterNextViewController.h */,
				8EFA6AD82022A641007454BF /* ECRegisterNextViewController.m */,
				8EFA6ADE2022A641007454BF /* ECLoginViewController.h */,
				8EFA6ADB2022A641007454BF /* ECLoginViewController.m */,
				8EFA6AD72022A641007454BF /* ECForgetPwdViewController.h */,
				8EFA6ADC2022A641007454BF /* ECForgetPwdViewController.m */,
				8EFA6AD92022A641007454BF /* ECBindCardViewController.m */,
				8EFA6AE02022A641007454BF /* ECBindCardViewController.h */,
			);
			path = Controller;
			sourceTree = "<group>";
		};
		CB8A02ACB93115533AF4C4A9 /* Pods */ = {
			isa = PBXGroup;
			children = (
				590616038950CC8A9B9AEF50 /* Pods-ECardBusiness.debug.xcconfig */,
				E2B16C419344DFF3A101A142 /* Pods-ECardBusiness.release.xcconfig */,
			);
			name = Pods;
			sourceTree = "<group>";
		};
		EC4486932EA812E5F42FBFD0 /* Frameworks */ = {
			isa = PBXGroup;
			children = (
				EE1C3295BC40484989A5B249 /* libPods-ECardBusiness.a */,
			);
			name = Frameworks;
			sourceTree = "<group>";
		};
		F60BD626200C54E000050F3A = {
			isa = PBXGroup;
			children = (
				F60BD631200C54E000050F3A /* ECardBusiness */,
				F60BD630200C54E000050F3A /* Products */,
				CB8A02ACB93115533AF4C4A9 /* Pods */,
				EC4486932EA812E5F42FBFD0 /* Frameworks */,
			);
			sourceTree = "<group>";
		};
		F60BD630200C54E000050F3A /* Products */ = {
			isa = PBXGroup;
			children = (
				F60BD62F200C54E000050F3A /* ECardBusiness.app */,
			);
			name = Products;
			sourceTree = "<group>";
		};
		F60BD631200C54E000050F3A /* ECardBusiness */ = {
			isa = PBXGroup;
			children = (
				F60BD649200C583100050F3A /* Classes */,
				F60BD632200C54E000050F3A /* AppDelegate.h */,
				F60BD633200C54E000050F3A /* AppDelegate.m */,
				F60BD63B200C54E000050F3A /* Assets.xcassets */,
				F60BD640200C54E000050F3A /* Info.plist */,
				F60BD641200C54E000050F3A /* main.m */,
				F60BD648200C562B00050F3A /* ECardBusiness-Prefix.pch */,
			);
			path = ECardBusiness;
			sourceTree = "<group>";
		};
		F60BD649200C583100050F3A /* Classes */ = {
			isa = PBXGroup;
			children = (
				8E3531DA201C4DD6005622C2 /* Setting */,
				F62F3B7E200F935B00729FAF /* Login */,
				F60BD64B200C583100050F3A /* Home */,
				F60BD651200C583100050F3A /* Main */,
			);
			path = Classes;
			sourceTree = "<group>";
		};
		F60BD64B200C583100050F3A /* Home */ = {
			isa = PBXGroup;
			children = (
				8EB0C70F203423170035F8EF /* Service */,
				F60BD64C200C583100050F3A /* Controller */,
				F60BD64F200C583100050F3A /* Model */,
				F60BD650200C583100050F3A /* View */,
			);
			path = Home;
			sourceTree = "<group>";
		};
		F60BD64C200C583100050F3A /* Controller */ = {
			isa = PBXGroup;
			children = (
				F60BD64D200C583100050F3A /* ECHome2ViewController.h */,
				F60BD64E200C583100050F3A /* ECHome2ViewController.m */,
				8E3531D5201C3B4B005622C2 /* ECHomeViewController.h */,
				8E3531D6201C3B4B005622C2 /* ECHomeViewController.m */,
				8E5C4BB92020C69E003EB5ED /* ECCashDeskViewController.h */,
				8E5C4BBA2020C69E003EB5ED /* ECCashDeskViewController.m */,
				8EFA6AD3202206D1007454BF /* ECBalanceViewController.h */,
				8EFA6AD4202206D1007454BF /* ECBalanceViewController.m */,
				8EB0C6FD203300100035F8EF /* ECWithdrawViewController.h */,
				8EB0C6FE203300100035F8EF /* ECWithdrawViewController.m */,
				8EB0C71D203439140035F8EF /* ECBalanceListViewController.h */,
				8EB0C71E203439140035F8EF /* ECBalanceListViewController.m */,
				8EAE816F202DFF6C00D06854 /* ECBalanceDetailViewController.h */,
				8EAE8170202DFF6C00D06854 /* ECBalanceDetailViewController.m */,
			);
			path = Controller;
			sourceTree = "<group>";
		};
		F60BD64F200C583100050F3A /* Model */ = {
			isa = PBXGroup;
			children = (
				8EB0C713203425BF0035F8EF /* ECBalancePageModel.h */,
				8EB0C714203425BF0035F8EF /* ECBalancePageModel.m */,
				8ECC92A620305EFA004F7AFC /* ECBalanceBillModel.h */,
				8ECC92A720305EFA004F7AFC /* ECBalanceBillModel.m */,
				8EB0C706203402740035F8EF /* ECUserAccountModel.h */,
				8EB0C707203402740035F8EF /* ECUserAccountModel.m */,
				8EB0C70C203403550035F8EF /* ECCashModel.h */,
				8EB0C70D203403550035F8EF /* ECCashModel.m */,
			);
			path = Model;
			sourceTree = "<group>";
		};
		F60BD650200C583100050F3A /* View */ = {
			isa = PBXGroup;
			children = (
				8ECC92A320305058004F7AFC /* ECBalanceCell.h */,
				8ECC92A420305058004F7AFC /* ECBalanceCell.m */,
				8EB0C700203325B20035F8EF /* ECWithdrawCardCell.h */,
				8EB0C701203325B20035F8EF /* ECWithdrawCardCell.m */,
			);
			path = View;
			sourceTree = "<group>";
		};
		F60BD651200C583100050F3A /* Main */ = {
			isa = PBXGroup;
			children = (
				8E43347C2023290C005FFDE4 /* Service */,
				F6A588A92013078D00BE7EA8 /* Tool */,
				F64876362012E73300BD653C /* Lib */,
				F60BD652200C583100050F3A /* Category */,
				F60BD65B200C583100050F3A /* Common */,
				F60BD65F200C583100050F3A /* Controller */,
				F60BD660200C583100050F3A /* Model */,
				F60BD661200C583100050F3A /* Networking */,
				F60BD664200C583100050F3A /* View */,
			);
			path = Main;
			sourceTree = "<group>";
		};
		F60BD652200C583100050F3A /* Category */ = {
			isa = PBXGroup;
			children = (
				8EDE83D2201B8E6800E16817 /* UIViewController+navigatinSetting.h */,
				8EDE83D3201B8E6800E16817 /* UIViewController+navigatinSetting.m */,
				8EDE83D0201B8E4200E16817 /* UINavigationBar+Transparent.h */,
				8EDE83CF201B8E4200E16817 /* UINavigationBar+Transparent.m */,
				F60BD653200C583100050F3A /* NSString+ECUtil.h */,
				F60BD654200C583100050F3A /* NSString+ECUtil.m */,
				F60BD655200C583100050F3A /* UIBarButtonItem+Extension.h */,
				F60BD656200C583100050F3A /* UIBarButtonItem+Extension.m */,
				F60BD657200C583100050F3A /* UILabel+ECUtil.h */,
				F60BD658200C583100050F3A /* UILabel+ECUtil.m */,
				F60BD659200C583100050F3A /* UIView+Utils.h */,
				F60BD65A200C583100050F3A /* UIView+Utils.m */,
			);
			path = Category;
			sourceTree = "<group>";
		};
		F60BD65B200C583100050F3A /* Common */ = {
			isa = PBXGroup;
			children = (
				F60BD65C200C583100050F3A /* ECMacro.h */,
				8E7D95D8202890D00067A3FC /* ECApi.h */,
			);
			path = Common;
			sourceTree = "<group>";
		};
		F60BD65F200C583100050F3A /* Controller */ = {
			isa = PBXGroup;
			children = (
				F68345712011814900816A7A /* ECNavigationController.h */,
				F68345722011814900816A7A /* ECNavigationController.m */,
				F64876492012EDB700BD653C /* ECWebViewController.h */,
				F648764A2012EDB700BD653C /* ECWebViewController.m */,
			);
			path = Controller;
			sourceTree = "<group>";
		};
		F60BD660200C583100050F3A /* Model */ = {
			isa = PBXGroup;
			children = (
				8E7D95D92028924D0067A3FC /* ECUserInfoModel.h */,
				8E7D95DA2028924D0067A3FC /* ECUserInfoModel.m */,
				8EE6F98A20293807009F385A /* ECConfigModel.h */,
				8EE6F98B20293807009F385A /* ECConfigModel.m */,
				8EFA9C0D202C969E006500D8 /* MJExtensionConfig.h */,
				8EFA9C0E202C969E006500D8 /* MJExtensionConfig.m */,
			);
			path = Model;
			sourceTree = "<group>";
		};
		F60BD661200C583100050F3A /* Networking */ = {
			isa = PBXGroup;
			children = (
				F60BD662200C583100050F3A /* ECHttpRequest.h */,
				F6A588A7201301B600BE7EA8 /* ECHttpRequest.m */,
			);
			path = Networking;
			sourceTree = "<group>";
		};
		F60BD664200C583100050F3A /* View */ = {
			isa = PBXGroup;
			children = (
				F683457520123ED400816A7A /* BRTextField.h */,
				F683457420123ED400816A7A /* BRTextField.m */,
				F62F3B8B200FB22400729FAF /* YSTextField.h */,
				F62F3B8C200FB22400729FAF /* YSTextField.m */,
				F679256520104C0B006512E5 /* ECFooterButtonView.h */,
				F679256620104C0B006512E5 /* ECFooterButtonView.m */,
			);
			path = View;
			sourceTree = "<group>";
		};
		F610A83F20161B070017A77C /* Tool */ = {
			isa = PBXGroup;
			children = (
				F610A84020161B190017A77C /* ECRegisterTool.h */,
				F610A84120161B190017A77C /* ECRegisterTool.m */,
				8EB0C73120345C690035F8EF /* ECGeocoderTool.h */,
				8EB0C73220345C690035F8EF /* ECGeocoderTool.m */,
			);
			path = Tool;
			sourceTree = "<group>";
		};
		F62F3B7E200F935B00729FAF /* Login */ = {
			isa = PBXGroup;
			children = (
				F610A83F20161B070017A77C /* Tool */,
				F648764D2012F2B300BD653C /* Service */,
				F62F3B80200F938700729FAF /* Model */,
				F62F3B7F200F938700729FAF /* View */,
				8EFA6AD62022A641007454BF /* Controller */,
			);
			path = Login;
			sourceTree = "<group>";
		};
		F62F3B7F200F938700729FAF /* View */ = {
			isa = PBXGroup;
			children = (
				F683457720124BCF00816A7A /* ECOpeningTimeView.h */,
				F683457820124BCF00816A7A /* ECOpeningTimeView.m */,
			);
			path = View;
			sourceTree = "<group>";
		};
		F62F3B80200F938700729FAF /* Model */ = {
			isa = PBXGroup;
			children = (
				F62F3B89200FAF4600729FAF /* ECRegisterModel.h */,
				F62F3B88200FAF4600729FAF /* ECRegisterModel.m */,
				F6A588B220134D9500BE7EA8 /* ECAccountModel.h */,
				F6A588B320134D9500BE7EA8 /* ECAccountModel.m */,
				F6A588CF201450A500BE7EA8 /* ECOfficeHoursModel.h */,
				F6A588D0201450A500BE7EA8 /* ECOfficeHoursModel.m */,
			);
			path = Model;
			sourceTree = "<group>";
		};
		F64876362012E73300BD653C /* Lib */ = {
			isa = PBXGroup;
			children = (
				8EB0C724203445730035F8EF /* PageView */,
				8E7D95D2202890A80067A3FC /* MBProgressHUD */,
				8E3531E4201C5FFB005622C2 /* YSMine */,
				F6A588B820142B5A00BE7EA8 /* BRPickerView */,
			);
			path = Lib;
			sourceTree = "<group>";
		};
		F648764D2012F2B300BD653C /* Service */ = {
			isa = PBXGroup;
			children = (
				F648764E2012F2D300BD653C /* ECLoginService.h */,
				F648764F2012F2D300BD653C /* ECLoginService.m */,
			);
			path = Service;
			sourceTree = "<group>";
		};
		F6A588A92013078D00BE7EA8 /* Tool */ = {
			isa = PBXGroup;
			children = (
				8ECC929A20303DD3004F7AFC /* YSCryptor.h */,
				8ECC929B20303DD3004F7AFC /* YSCryptor.m */,
				F6A588D22014C0F500BE7EA8 /* Foundation+Log.m */,
				F6A588AA201307A300BE7EA8 /* ECAccountTool.h */,
				F6A588AB201307A300BE7EA8 /* ECAccountTool.m */,
				8EA160712025AB38007FE0D1 /* ECUploadTool.h */,
				8EA160722025AB38007FE0D1 /* ECUploadTool.m */,
			);
			path = Tool;
			sourceTree = "<group>";
		};
		F6A588B820142B5A00BE7EA8 /* BRPickerView */ = {
			isa = PBXGroup;
			children = (
				F6A588B920142B5A00BE7EA8 /* AddressPickerView */,
				F6A588BF20142B5A00BE7EA8 /* Base */,
				F6A588C220142B5A00BE7EA8 /* BRPickerView.h */,
				F6A588C320142B5A00BE7EA8 /* DatePickerView */,
				F6A588C620142B5A00BE7EA8 /* StringPickerView */,
			);
			path = BRPickerView;
			sourceTree = "<group>";
		};
		F6A588B920142B5A00BE7EA8 /* AddressPickerView */ = {
			isa = PBXGroup;
			children = (
				F6A588BA20142B5A00BE7EA8 /* BRAddressModel.h */,
				F6A588BB20142B5A00BE7EA8 /* BRAddressModel.m */,
				F6A588BC20142B5A00BE7EA8 /* BRAddressPickerView.h */,
				F6A588BD20142B5A00BE7EA8 /* BRAddressPickerView.m */,
				F6A588BE20142B5A00BE7EA8 /* BRCity.plist */,
			);
			path = AddressPickerView;
			sourceTree = "<group>";
		};
		F6A588BF20142B5A00BE7EA8 /* Base */ = {
			isa = PBXGroup;
			children = (
				F6A588C020142B5A00BE7EA8 /* BRBaseView.h */,
				F6A588C120142B5A00BE7EA8 /* BRBaseView.m */,
			);
			path = Base;
			sourceTree = "<group>";
		};
		F6A588C320142B5A00BE7EA8 /* DatePickerView */ = {
			isa = PBXGroup;
			children = (
				F6A588C420142B5A00BE7EA8 /* BRDatePickerView.h */,
				F6A588C520142B5A00BE7EA8 /* BRDatePickerView.m */,
			);
			path = DatePickerView;
			sourceTree = "<group>";
		};
		F6A588C620142B5A00BE7EA8 /* StringPickerView */ = {
			isa = PBXGroup;
			children = (
				F6A588C720142B5A00BE7EA8 /* BRStringPickerView.h */,
				F6A588C820142B5A00BE7EA8 /* BRStringPickerView.m */,
			);
			path = StringPickerView;
			sourceTree = "<group>";
		};
/* End PBXGroup section */

/* Begin PBXNativeTarget section */
		F60BD62E200C54E000050F3A /* ECardBusiness */ = {
			isa = PBXNativeTarget;
			buildConfigurationList = F60BD645200C54E000050F3A /* Build configuration list for PBXNativeTarget "ECardBusiness" */;
			buildPhases = (
				A150834174248E7672342AEC /* [CP] Check Pods Manifest.lock */,
				F60BD62B200C54E000050F3A /* Sources */,
				F60BD62C200C54E000050F3A /* Frameworks */,
				F60BD62D200C54E000050F3A /* Resources */,
				B41FD4093A017330927FC812 /* [CP] Embed Pods Frameworks */,
				EAEA3BBB7168252632A628DD /* [CP] Copy Pods Resources */,
			);
			buildRules = (
			);
			dependencies = (
			);
			name = ECardBusiness;
			productName = ECardBusiness;
			productReference = F60BD62F200C54E000050F3A /* ECardBusiness.app */;
			productType = "com.apple.product-type.application";
		};
/* End PBXNativeTarget section */

/* Begin PBXProject section */
		F60BD627200C54E000050F3A /* Project object */ = {
			isa = PBXProject;
			attributes = {
				LastUpgradeCheck = 0910;
				ORGANIZATIONNAME = bige;
				TargetAttributes = {
					F60BD62E200C54E000050F3A = {
						CreatedOnToolsVersion = 9.1;
						ProvisioningStyle = Automatic;
					};
				};
			};
			buildConfigurationList = F60BD62A200C54E000050F3A /* Build configuration list for PBXProject "ECardBusiness" */;
			compatibilityVersion = "Xcode 8.0";
			developmentRegion = en;
			hasScannedForEncodings = 0;
			knownRegions = (
				en,
				Base,
			);
			mainGroup = F60BD626200C54E000050F3A;
			productRefGroup = F60BD630200C54E000050F3A /* Products */;
			projectDirPath = "";
			projectRoot = "";
			targets = (
				F60BD62E200C54E000050F3A /* ECardBusiness */,
			);
		};
/* End PBXProject section */

/* Begin PBXResourcesBuildPhase section */
		F60BD62D200C54E000050F3A /* Resources */ = {
			isa = PBXResourcesBuildPhase;
			buildActionMask = 2147483647;
			files = (
				F60BD63C200C54E000050F3A /* Assets.xcassets in Resources */,
				8E7D95D7202890A80067A3FC /* MBProgressHUD.bundle in Resources */,
				F6A588CB20142B5A00BE7EA8 /* BRCity.plist in Resources */,
			);
			runOnlyForDeploymentPostprocessing = 0;
		};
/* End PBXResourcesBuildPhase section */

/* Begin PBXShellScriptBuildPhase section */
		A150834174248E7672342AEC /* [CP] Check Pods Manifest.lock */ = {
			isa = PBXShellScriptBuildPhase;
			buildActionMask = 2147483647;
			files = (
			);
			inputPaths = (
				"${PODS_PODFILE_DIR_PATH}/Podfile.lock",
				"${PODS_ROOT}/Manifest.lock",
			);
			name = "[CP] Check Pods Manifest.lock";
			outputPaths = (
				"$(DERIVED_FILE_DIR)/Pods-ECardBusiness-checkManifestLockResult.txt",
			);
			runOnlyForDeploymentPostprocessing = 0;
			shellPath = /bin/sh;
			shellScript = "diff \"${PODS_PODFILE_DIR_PATH}/Podfile.lock\" \"${PODS_ROOT}/Manifest.lock\" > /dev/null\nif [ $? != 0 ] ; then\n    # print error to STDERR\n    echo \"error: The sandbox is not in sync with the Podfile.lock. Run 'pod install' or update your CocoaPods installation.\" >&2\n    exit 1\nfi\n# This output is used by Xcode 'outputs' to avoid re-running this script phase.\necho \"SUCCESS\" > \"${SCRIPT_OUTPUT_FILE_0}\"\n";
			showEnvVarsInLog = 0;
		};
		B41FD4093A017330927FC812 /* [CP] Embed Pods Frameworks */ = {
			isa = PBXShellScriptBuildPhase;
			buildActionMask = 2147483647;
			files = (
			);
			inputPaths = (
			);
			name = "[CP] Embed Pods Frameworks";
			outputPaths = (
			);
			runOnlyForDeploymentPostprocessing = 0;
			shellPath = /bin/sh;
			shellScript = "\"${SRCROOT}/Pods/Target Support Files/Pods-ECardBusiness/Pods-ECardBusiness-frameworks.sh\"\n";
			showEnvVarsInLog = 0;
		};
		EAEA3BBB7168252632A628DD /* [CP] Copy Pods Resources */ = {
			isa = PBXShellScriptBuildPhase;
			buildActionMask = 2147483647;
			files = (
			);
			inputPaths = (
				"${SRCROOT}/Pods/Target Support Files/Pods-ECardBusiness/Pods-ECardBusiness-resources.sh",
				"${PODS_ROOT}/IQKeyboardManager/IQKeyboardManager/Resources/IQKeyboardManager.bundle",
				"${PODS_ROOT}/LBXScan/LBXScan/UI/CodeScan.bundle",
				"${PODS_ROOT}/MJRefresh/MJRefresh/MJRefresh.bundle",
				"${PODS_ROOT}/ZBarSDK/iphone/res/zbar-back.png",
				"${PODS_ROOT}/ZBarSDK/iphone/res/zbar-help.html",
				"${PODS_ROOT}/ZBarSDK/iphone/res/zbar-helpicons.png",
				"${PODS_ROOT}/ZBarSDK/iphone/res/zbar-samples.png",
			);
			name = "[CP] Copy Pods Resources";
			outputPaths = (
				"${TARGET_BUILD_DIR}/${UNLOCALIZED_RESOURCES_FOLDER_PATH}/IQKeyboardManager.bundle",
				"${TARGET_BUILD_DIR}/${UNLOCALIZED_RESOURCES_FOLDER_PATH}/CodeScan.bundle",
				"${TARGET_BUILD_DIR}/${UNLOCALIZED_RESOURCES_FOLDER_PATH}/MJRefresh.bundle",
				"${TARGET_BUILD_DIR}/${UNLOCALIZED_RESOURCES_FOLDER_PATH}/zbar-back.png",
				"${TARGET_BUILD_DIR}/${UNLOCALIZED_RESOURCES_FOLDER_PATH}/zbar-help.html",
				"${TARGET_BUILD_DIR}/${UNLOCALIZED_RESOURCES_FOLDER_PATH}/zbar-helpicons.png",
				"${TARGET_BUILD_DIR}/${UNLOCALIZED_RESOURCES_FOLDER_PATH}/zbar-samples.png",
			);
			runOnlyForDeploymentPostprocessing = 0;
			shellPath = /bin/sh;
			shellScript = "\"${SRCROOT}/Pods/Target Support Files/Pods-ECardBusiness/Pods-ECardBusiness-resources.sh\"\n";
			showEnvVarsInLog = 0;
		};
/* End PBXShellScriptBuildPhase section */

/* Begin PBXSourcesBuildPhase section */
		F60BD62B200C54E000050F3A /* Sources */ = {
			isa = PBXSourcesBuildPhase;
			buildActionMask = 2147483647;
			files = (
				8E353212201CCCE7005622C2 /* ECAddressReqModel.m in Sources */,
				8EF404FA2029642000B6EDE2 /* ECBankCardModel.m in Sources */,
				8E43347F20232976005FFDE4 /* ECService.m in Sources */,
				F60BD66A200C583100050F3A /* UILabel+ECUtil.m in Sources */,
				8E3531E0201C4DE7005622C2 /* ECSettingViewController.m in Sources */,
				8EA9BC1D202ADE1900B4801D /* ECPhoneAddViewController.m in Sources */,
				8EFA9C0F202C969E006500D8 /* MJExtensionConfig.m in Sources */,
				8EA160732025AB38007FE0D1 /* ECUploadTool.m in Sources */,
				8E7D95D6202890A80067A3FC /* MBProgressHUD+EC.m in Sources */,
				8EFA9C15202CB110006500D8 /* ECTipsSettingViewController.m in Sources */,
				8E3531F9201C5FFB005622C2 /* YSMineCellItem.m in Sources */,
				8E7D95DB2028924D0067A3FC /* ECUserInfoModel.m in Sources */,
				8EAE8177202ECF7100D06854 /* ECOpenTimeItemView.m in Sources */,
				F60BD66B200C583100050F3A /* UIView+Utils.m in Sources */,
				F60BD642200C54E000050F3A /* main.m in Sources */,
				F6A588B420134D9500BE7EA8 /* ECAccountModel.m in Sources */,
				8EE6F98C20293807009F385A /* ECConfigModel.m in Sources */,
				8E3531FB201C5FFB005622C2 /* YSMineCellItemSwitch.m in Sources */,
				8E5C4BBB2020C69E003EB5ED /* ECCashDeskViewController.m in Sources */,
				8EA9BC3B202BDDB700B4801D /* ECOpeningOptionModel.m in Sources */,
				F683457920124BCF00816A7A /* ECOpeningTimeView.m in Sources */,
				F60BD668200C583100050F3A /* NSString+ECUtil.m in Sources */,
				F60BD667200C583100050F3A /* ECHome2ViewController.m in Sources */,
				8EFA9C1E202CB8CB006500D8 /* ECSettingCellDataSource.m in Sources */,
				8EFA6AE32022A641007454BF /* ECRegisterViewController.m in Sources */,
				8EFA9C1B202CB1D8006500D8 /* ECProtocolViewController.m in Sources */,
				8E353206201C9119005622C2 /* ECMyInfoViewController.m in Sources */,
				F6A588CA20142B5A00BE7EA8 /* BRAddressPickerView.m in Sources */,
				8E35320F201CCB4B005622C2 /* ECAddressListCell.m in Sources */,
				8EB0C6FF203300100035F8EF /* ECWithdrawViewController.m in Sources */,
				8E3531FA201C5FFB005622C2 /* YSMineCell.m in Sources */,
				F6A588CE20142B5A00BE7EA8 /* BRStringPickerView.m in Sources */,
				8EFA6AE12022A641007454BF /* ECRegisterNextViewController.m in Sources */,
				8E3531FF201C5FFB005622C2 /* YSMineViewController.m in Sources */,
				8EB0C712203423380035F8EF /* ECHomeService.m in Sources */,
				8EA9BC32202B5DD700B4801D /* ECOpeningTimeEditViewController.m in Sources */,
				8ECC92A820305EFA004F7AFC /* ECBalanceBillModel.m in Sources */,
				F683457620123ED400816A7A /* BRTextField.m in Sources */,
				F62F3B8A200FAF4600729FAF /* ECRegisterModel.m in Sources */,
				8EFA9C12202CB0F4006500D8 /* ECSafeViewController.m in Sources */,
				8EFA9C18202CB11E006500D8 /* ECHelpViewController.m in Sources */,
				8EDE83D1201B8E4200E16817 /* UINavigationBar+Transparent.m in Sources */,
				F6A588A8201301B600BE7EA8 /* ECHttpRequest.m in Sources */,
				8EA9BC35202B62AE00B4801D /* ECAddressOpeningTimeViewCell.m in Sources */,
				F6A588AC201307A300BE7EA8 /* ECAccountTool.m in Sources */,
				8EA9BC41202BDF9700B4801D /* ECOpeningTimeItemModel.m in Sources */,
				8EB0C70E203403550035F8EF /* ECCashModel.m in Sources */,
				F6A588CD20142B5A00BE7EA8 /* BRDatePickerView.m in Sources */,
				F6A588C920142B5A00BE7EA8 /* BRAddressModel.m in Sources */,
				8EB0C708203402740035F8EF /* ECUserAccountModel.m in Sources */,
				8ECC92A520305058004F7AFC /* ECBalanceCell.m in Sources */,
				8E3531FC201C5FFB005622C2 /* YSBadgeView.m in Sources */,
				F6A588CC20142B5A00BE7EA8 /* BRBaseView.m in Sources */,
				8EFA6AE42022A641007454BF /* ECLoginViewController.m in Sources */,
				8EB0C72D203445730035F8EF /* LSPTitleStyle.m in Sources */,
				F64876502012F2D300BD653C /* ECLoginService.m in Sources */,
				8EA9BC38202BDBF300B4801D /* ECOpeningModel.m in Sources */,
				8EF40503202A8D1600B6EDE2 /* ECAddressPhoneCell.m in Sources */,
				F60BD634200C54E000050F3A /* AppDelegate.m in Sources */,
				8E3531E3201C4E2A005622C2 /* ECMessageViewController.m in Sources */,
				8E353203201C8CC2005622C2 /* ECBankCardViewController.m in Sources */,
				8EB0C702203325B20035F8EF /* ECWithdrawCardCell.m in Sources */,
				8E3531FE201C5FFB005622C2 /* YSMineCellDataSource.m in Sources */,
				8E3531FD201C5FFB005622C2 /* YSMineCellGroup.m in Sources */,
				8EA9BC3E202BDF7E00B4801D /* ECOpeningTimeList.m in Sources */,
				F610A84220161B190017A77C /* ECRegisterTool.m in Sources */,
				8EE6F98F20293A95009F385A /* ECAddressEditViewController.m in Sources */,
				F679256720104C0B006512E5 /* ECFooterButtonView.m in Sources */,
				F6A588D1201450A500BE7EA8 /* ECOfficeHoursModel.m in Sources */,
				8E3531F8201C5FFB005622C2 /* YSMineCellItemLabel.m in Sources */,
				8EB0C715203425BF0035F8EF /* ECBalancePageModel.m in Sources */,
				8E35320C201CC8E3005622C2 /* ECAddressViewController.m in Sources */,
				F6A588D32014C0F500BE7EA8 /* Foundation+Log.m in Sources */,
				8EB0C71F203439140035F8EF /* ECBalanceListViewController.m in Sources */,
				8ECC929C20303DD4004F7AFC /* YSCryptor.m in Sources */,
				8EF404FD2029FD5300B6EDE2 /* ECAddressModel.m in Sources */,
				8EFA6AE22022A641007454BF /* ECBindCardViewController.m in Sources */,
				8EDE83D4201B8E6800E16817 /* UIViewController+navigatinSetting.m in Sources */,
				8EE6F996202945ED009F385A /* ECBankCardAddViewController.m in Sources */,
				8EFA6AD5202206D1007454BF /* ECBalanceViewController.m in Sources */,
				8EA9BC2F202B5DAD00B4801D /* ECOpeningTimeViewController.m in Sources */,
				8EE6F99320293C3A009F385A /* ECSettingService.m in Sources */,
				F60BD669200C583100050F3A /* UIBarButtonItem+Extension.m in Sources */,
				8E3531D7201C3B4B005622C2 /* ECHomeViewController.m in Sources */,
				F68345732011814900816A7A /* ECNavigationController.m in Sources */,
				8EB0C73320345C690035F8EF /* ECGeocoderTool.m in Sources */,
				8EB0C730203445730035F8EF /* LSPTitleView.m in Sources */,
				8EB0C72E203445730035F8EF /* LSPPageView.m in Sources */,
				8EAE8171202DFF6C00D06854 /* ECBalanceDetailViewController.m in Sources */,
				F648764B2012EDB700BD653C /* ECWebViewController.m in Sources */,
				F62F3B8D200FB22400729FAF /* YSTextField.m in Sources */,
				8EF40500202A8C7F00B6EDE2 /* ECPhoneViewController.m in Sources */,
				8E353200201C5FFB005622C2 /* YSMineCellItemArrow.m in Sources */,
				8EFA6AE52022A641007454BF /* ECForgetPwdViewController.m in Sources */,
				8EB0C72F203445730035F8EF /* LSPContentView.m in Sources */,
				8EAE8174202E8A7400D06854 /* ECOpenTimeUpdateModel.m in Sources */,
			);
			runOnlyForDeploymentPostprocessing = 0;
		};
/* End PBXSourcesBuildPhase section */

/* Begin XCBuildConfiguration section */
		F60BD643200C54E000050F3A /* Debug */ = {
			isa = XCBuildConfiguration;
			buildSettings = {
				ALWAYS_SEARCH_USER_PATHS = NO;
				CLANG_ANALYZER_NONNULL = YES;
				CLANG_ANALYZER_NUMBER_OBJECT_CONVERSION = YES_AGGRESSIVE;
				CLANG_CXX_LANGUAGE_STANDARD = "gnu++14";
				CLANG_CXX_LIBRARY = "libc++";
				CLANG_ENABLE_MODULES = YES;
				CLANG_ENABLE_OBJC_ARC = YES;
				CLANG_WARN_BLOCK_CAPTURE_AUTORELEASING = YES;
				CLANG_WARN_BOOL_CONVERSION = YES;
				CLANG_WARN_COMMA = YES;
				CLANG_WARN_CONSTANT_CONVERSION = YES;
				CLANG_WARN_DIRECT_OBJC_ISA_USAGE = YES_ERROR;
				CLANG_WARN_DOCUMENTATION_COMMENTS = YES;
				CLANG_WARN_EMPTY_BODY = YES;
				CLANG_WARN_ENUM_CONVERSION = YES;
				CLANG_WARN_INFINITE_RECURSION = YES;
				CLANG_WARN_INT_CONVERSION = YES;
				CLANG_WARN_NON_LITERAL_NULL_CONVERSION = YES;
				CLANG_WARN_OBJC_LITERAL_CONVERSION = YES;
				CLANG_WARN_OBJC_ROOT_CLASS = YES_ERROR;
				CLANG_WARN_RANGE_LOOP_ANALYSIS = YES;
				CLANG_WARN_STRICT_PROTOTYPES = YES;
				CLANG_WARN_SUSPICIOUS_MOVE = YES;
				CLANG_WARN_UNGUARDED_AVAILABILITY = YES_AGGRESSIVE;
				CLANG_WARN_UNREACHABLE_CODE = YES;
				CLANG_WARN__DUPLICATE_METHOD_MATCH = YES;
				CODE_SIGN_IDENTITY = "iPhone Developer";
				COPY_PHASE_STRIP = NO;
				DEBUG_INFORMATION_FORMAT = dwarf;
				ENABLE_STRICT_OBJC_MSGSEND = YES;
				ENABLE_TESTABILITY = YES;
				GCC_C_LANGUAGE_STANDARD = gnu11;
				GCC_DYNAMIC_NO_PIC = NO;
				GCC_NO_COMMON_BLOCKS = YES;
				GCC_OPTIMIZATION_LEVEL = 0;
				GCC_PREPROCESSOR_DEFINITIONS = (
					"DEBUG=1",
					"$(inherited)",
				);
				GCC_WARN_64_TO_32_BIT_CONVERSION = YES;
				GCC_WARN_ABOUT_RETURN_TYPE = YES_ERROR;
				GCC_WARN_UNDECLARED_SELECTOR = YES;
				GCC_WARN_UNINITIALIZED_AUTOS = YES_AGGRESSIVE;
				GCC_WARN_UNUSED_FUNCTION = YES;
				GCC_WARN_UNUSED_VARIABLE = YES;
				IPHONEOS_DEPLOYMENT_TARGET = 11.1;
				MTL_ENABLE_DEBUG_INFO = YES;
				ONLY_ACTIVE_ARCH = YES;
				SDKROOT = iphoneos;
			};
			name = Debug;
		};
		F60BD644200C54E000050F3A /* Release */ = {
			isa = XCBuildConfiguration;
			buildSettings = {
				ALWAYS_SEARCH_USER_PATHS = NO;
				CLANG_ANALYZER_NONNULL = YES;
				CLANG_ANALYZER_NUMBER_OBJECT_CONVERSION = YES_AGGRESSIVE;
				CLANG_CXX_LANGUAGE_STANDARD = "gnu++14";
				CLANG_CXX_LIBRARY = "libc++";
				CLANG_ENABLE_MODULES = YES;
				CLANG_ENABLE_OBJC_ARC = YES;
				CLANG_WARN_BLOCK_CAPTURE_AUTORELEASING = YES;
				CLANG_WARN_BOOL_CONVERSION = YES;
				CLANG_WARN_COMMA = YES;
				CLANG_WARN_CONSTANT_CONVERSION = YES;
				CLANG_WARN_DIRECT_OBJC_ISA_USAGE = YES_ERROR;
				CLANG_WARN_DOCUMENTATION_COMMENTS = YES;
				CLANG_WARN_EMPTY_BODY = YES;
				CLANG_WARN_ENUM_CONVERSION = YES;
				CLANG_WARN_INFINITE_RECURSION = YES;
				CLANG_WARN_INT_CONVERSION = YES;
				CLANG_WARN_NON_LITERAL_NULL_CONVERSION = YES;
				CLANG_WARN_OBJC_LITERAL_CONVERSION = YES;
				CLANG_WARN_OBJC_ROOT_CLASS = YES_ERROR;
				CLANG_WARN_RANGE_LOOP_ANALYSIS = YES;
				CLANG_WARN_STRICT_PROTOTYPES = YES;
				CLANG_WARN_SUSPICIOUS_MOVE = YES;
				CLANG_WARN_UNGUARDED_AVAILABILITY = YES_AGGRESSIVE;
				CLANG_WARN_UNREACHABLE_CODE = YES;
				CLANG_WARN__DUPLICATE_METHOD_MATCH = YES;
				CODE_SIGN_IDENTITY = "iPhone Developer";
				COPY_PHASE_STRIP = NO;
				DEBUG_INFORMATION_FORMAT = "dwarf-with-dsym";
				ENABLE_NS_ASSERTIONS = NO;
				ENABLE_STRICT_OBJC_MSGSEND = YES;
				GCC_C_LANGUAGE_STANDARD = gnu11;
				GCC_NO_COMMON_BLOCKS = YES;
				GCC_WARN_64_TO_32_BIT_CONVERSION = YES;
				GCC_WARN_ABOUT_RETURN_TYPE = YES_ERROR;
				GCC_WARN_UNDECLARED_SELECTOR = YES;
				GCC_WARN_UNINITIALIZED_AUTOS = YES_AGGRESSIVE;
				GCC_WARN_UNUSED_FUNCTION = YES;
				GCC_WARN_UNUSED_VARIABLE = YES;
				IPHONEOS_DEPLOYMENT_TARGET = 11.1;
				MTL_ENABLE_DEBUG_INFO = NO;
				SDKROOT = iphoneos;
				VALIDATE_PRODUCT = YES;
			};
			name = Release;
		};
		F60BD646200C54E000050F3A /* Debug */ = {
			isa = XCBuildConfiguration;
			baseConfigurationReference = 590616038950CC8A9B9AEF50 /* Pods-ECardBusiness.debug.xcconfig */;
			buildSettings = {
				ASSETCATALOG_COMPILER_APPICON_NAME = AppIcon;
				ASSETCATALOG_COMPILER_LAUNCHIMAGE_NAME = LaunchImage;
				CODE_SIGN_STYLE = Automatic;
				DEVELOPMENT_TEAM = F5W9TCQDZ7;
				GCC_PREFIX_HEADER = "$(SRCROOT)/$(PROJECT_NAME)/ECardBusiness-Prefix.pch";
				INFOPLIST_FILE = ECardBusiness/Info.plist;
				IPHONEOS_DEPLOYMENT_TARGET = 8.0;
				LD_RUNPATH_SEARCH_PATHS = "$(inherited) @executable_path/Frameworks";
				PRODUCT_BUNDLE_IDENTIFIER = com.ecard.businessTest;
				PRODUCT_NAME = "$(TARGET_NAME)";
				TARGETED_DEVICE_FAMILY = 1;
			};
			name = Debug;
		};
		F60BD647200C54E000050F3A /* Release */ = {
			isa = XCBuildConfiguration;
			baseConfigurationReference = E2B16C419344DFF3A101A142 /* Pods-ECardBusiness.release.xcconfig */;
			buildSettings = {
				ASSETCATALOG_COMPILER_APPICON_NAME = AppIcon;
				ASSETCATALOG_COMPILER_LAUNCHIMAGE_NAME = LaunchImage;
				CODE_SIGN_STYLE = Automatic;
				DEVELOPMENT_TEAM = F5W9TCQDZ7;
				GCC_PREFIX_HEADER = "$(SRCROOT)/$(PROJECT_NAME)/ECardBusiness-Prefix.pch";
				INFOPLIST_FILE = ECardBusiness/Info.plist;
				IPHONEOS_DEPLOYMENT_TARGET = 8.0;
				LD_RUNPATH_SEARCH_PATHS = "$(inherited) @executable_path/Frameworks";
				PRODUCT_BUNDLE_IDENTIFIER = com.ecard.businessTest;
				PRODUCT_NAME = "$(TARGET_NAME)";
				TARGETED_DEVICE_FAMILY = 1;
			};
			name = Release;
		};
/* End XCBuildConfiguration section */

/* Begin XCConfigurationList section */
		F60BD62A200C54E000050F3A /* Build configuration list for PBXProject "ECardBusiness" */ = {
			isa = XCConfigurationList;
			buildConfigurations = (
				F60BD643200C54E000050F3A /* Debug */,
				F60BD644200C54E000050F3A /* Release */,
			);
			defaultConfigurationIsVisible = 0;
			defaultConfigurationName = Release;
		};
		F60BD645200C54E000050F3A /* Build configuration list for PBXNativeTarget "ECardBusiness" */ = {
			isa = XCConfigurationList;
			buildConfigurations = (
				F60BD646200C54E000050F3A /* Debug */,
				F60BD647200C54E000050F3A /* Release */,
			);
			defaultConfigurationIsVisible = 0;
			defaultConfigurationName = Release;
		};
/* End XCConfigurationList section */
	};
	rootObject = F60BD627200C54E000050F3A /* Project object */;
}
